PODS:
  - CocoaAsyncSocket (7.4.1)
  - NSManagedObject-HYPPropertyMapper (3.6.2):
    - NSString-HYPNetworking (~> 0.4.0)
  - NSString-HYPNetworking (0.4.0)

DEPENDENCIES:
  - CocoaAsyncSocket
  - NSManagedObject-HYPPropertyMapper

SPEC CHECKSUMS:
  CocoaAsyncSocket: 7cbf214b27f8e7f7574db6a3fd96352ffaed433d
  NSManagedObject-HYPPropertyMapper: b47eb32a4e9b0feeab69bc42f98fc425aa6428f7
  NSString-HYPNetworking: 24c3828eebde8a37cc16101a475934a56ac820c0

PODFILE CHECKSUM: 88bb88c062757df4a40a25fa7a433fb206e6811b

COCOAPODS: 1.0.1
