PODS:
  - AKImageCropperView (2.0.0)
  - ALCameraViewController (3.1)
  - CocoaAsyncSocket (7.6.5)
  - NSManagedObject-HYPPropertyMapper (4.1.4)
  - SnapKit (4.0.1)
  - Zip (2.1.1)

DEPENDENCIES:
  - AKImageCropperView
  - ALCameraViewController
  - CocoaAsyncSocket
  - NSManagedObject-HYPPropertyMapper
  - SnapKit (~> 4.0.0)
  - Zip

SPEC REPOS:
  trunk:
    - AKImageCropperView
    - ALCameraViewController
    - CocoaAsyncSocket
    - NSManagedObject-HYPPropertyMapper
    - SnapKit
    - Zip

SPEC CHECKSUMS:
  AKImageCropperView: 9c80fd45512daa69426161ad51c248655c1b5182
  ALCameraViewController: 144dea45fd749a623aafd8cb7b10cea88499fcc3
  CocoaAsyncSocket: 065fd1e645c7abab64f7a6a2007a48038fdc6a99
  NSManagedObject-HYPPropertyMapper: 0502d7a0dcb8c0c8112757b80e6318a1baf9c486
  SnapKit: 0de968a9fec17499afa29683b05d0c775b6d1c29
  Zip: 414f59909701fda9a84ab774ebe0f5449b1082cc

PODFILE CHECKSUM: f4e49a3a1454d0c1abb631d98469a8c43fd286fc

COCOAPODS: 1.10.1
