// !$*UTF8*$!
{
	archiveVersion = 1;
	classes = {
	};
	objectVersion = 46;
	objects = {

/* Begin PBXBuildFile section */
		3F277F957EC64F51D01216DB /* libPods.a in Frameworks */ = {isa = PBXBuildFile; fileRef = E3AFD136AEC4526FF7C887E1 /* libPods.a */; };
		73556C821BB02C6600428375 /* File.swift in Sources */ = {isa = PBXBuildFile; fileRef = 73556C811BB02C6600428375 /* File.swift */; settings = {ASSET_TAGS = (); }; };
		736265E31B4A483E0078C11D /* Function.swift in Sources */ = {isa = PBXBuildFile; fileRef = 736265E21B4A483E0078C11D /* Function.swift */; };
		736A5B271B5A678F008FD745 /* HashTable.swift in Sources */ = {isa = PBXBuildFile; fileRef = 736A5B261B5A678F008FD745 /* HashTable.swift */; };
		736F17D21B3AE840003A6A02 /* EventsViewController.swift in Sources */ = {isa = PBXBuildFile; fileRef = 736F17D11B3AE840003A6A02 /* EventsViewController.swift */; };
		736F17D41B3AE850003A6A02 /* SequencesViewController.swift in Sources */ = {isa = PBXBuildFile; fileRef = 736F17D31B3AE850003A6A02 /* SequencesViewController.swift */; };
		736F17D61B3AE85F003A6A02 /* TimersViewController.swift in Sources */ = {isa = PBXBuildFile; fileRef = 736F17D51B3AE85F003A6A02 /* TimersViewController.swift */; };
		736F17D81B3AE870003A6A02 /* FlagsViewController.swift in Sources */ = {isa = PBXBuildFile; fileRef = 736F17D71B3AE870003A6A02 /* FlagsViewController.swift */; };
		736F17DA1B3AE87E003A6A02 /* ChatViewController.swift in Sources */ = {isa = PBXBuildFile; fileRef = 736F17D91B3AE87E003A6A02 /* ChatViewController.swift */; };
		736F17DC1B3AE894003A6A02 /* SurveillenceViewController.swift in Sources */ = {isa = PBXBuildFile; fileRef = 736F17DB1B3AE894003A6A02 /* SurveillenceViewController.swift */; };
		736F17DE1B3AE8A3003A6A02 /* EnergyViewController.swift in Sources */ = {isa = PBXBuildFile; fileRef = 736F17DD1B3AE8A3003A6A02 /* EnergyViewController.swift */; };
		736F17E01B3AF3E9003A6A02 /* DashboardViewController.swift in Sources */ = {isa = PBXBuildFile; fileRef = 736F17DF1B3AF3E9003A6A02 /* DashboardViewController.swift */; };
		738BFD061B9EF79F005D183F /* DataImporter.swift in Sources */ = {isa = PBXBuildFile; fileRef = 738BFD051B9EF79F005D183F /* DataImporter.swift */; };
		73B6D94E1B5B92FE00E783DD /* SendingHandler.swift in Sources */ = {isa = PBXBuildFile; fileRef = 73B6D94D1B5B92FE00E783DD /* SendingHandler.swift */; };
		73D6A9901B5FF2CD003388B7 /* TestSocket.swift in Sources */ = {isa = PBXBuildFile; fileRef = 73D6A98F1B5FF2CD003388B7 /* TestSocket.swift */; };
		73DB849F1B30116D000DB4EB /* ScenesViewController.swift in Sources */ = {isa = PBXBuildFile; fileRef = 73DB849E1B30116D000DB4EB /* ScenesViewController.swift */; };
		73DB84A11B301184000DB4EB /* NFCViewController.swift in Sources */ = {isa = PBXBuildFile; fileRef = 73DB84A01B301184000DB4EB /* NFCViewController.swift */; };
		73DB84A31B301338000DB4EB /* SettingsViewController.swift in Sources */ = {isa = PBXBuildFile; fileRef = 73DB84A21B301338000DB4EB /* SettingsViewController.swift */; };
		73DB84A51B301399000DB4EB /* CameraViewController.swift in Sources */ = {isa = PBXBuildFile; fileRef = 73DB84A41B301399000DB4EB /* CameraViewController.swift */; };
		73DB84A71B3013B2000DB4EB /* DatabaseViewController.swift in Sources */ = {isa = PBXBuildFile; fileRef = 73DB84A61B3013B2000DB4EB /* DatabaseViewController.swift */; };
		73DB84A91B3013CB000DB4EB /* SecurityViewController.swift in Sources */ = {isa = PBXBuildFile; fileRef = 73DB84A81B3013CB000DB4EB /* SecurityViewController.swift */; };
		73DB8B911B2FF87600139E58 /* Menu.swift in Sources */ = {isa = PBXBuildFile; fileRef = 73DB8B901B2FF87600139E58 /* Menu.swift */; };
		73DB8B931B2FF8A400139E58 /* ContainerViewController.swift in Sources */ = {isa = PBXBuildFile; fileRef = 73DB8B921B2FF8A400139E58 /* ContainerViewController.swift */; };
		73DB8B951B2FF98700139E58 /* CenterViewController.swift in Sources */ = {isa = PBXBuildFile; fileRef = 73DB8B941B2FF98700139E58 /* CenterViewController.swift */; };
		73DB8B971B2FFA4D00139E58 /* SidePanelViewController.swift in Sources */ = {isa = PBXBuildFile; fileRef = 73DB8B961B2FFA4D00139E58 /* SidePanelViewController.swift */; };
		73E206AC1B2EEFFE0008B002 /* AppDelegate.swift in Sources */ = {isa = PBXBuildFile; fileRef = 73E206AB1B2EEFFE0008B002 /* AppDelegate.swift */; };
		73E206B41B2EEFFE0008B002 /* Main.storyboard in Resources */ = {isa = PBXBuildFile; fileRef = 73E206B21B2EEFFE0008B002 /* Main.storyboard */; };
		73E206B61B2EEFFE0008B002 /* Images.xcassets in Resources */ = {isa = PBXBuildFile; fileRef = 73E206B51B2EEFFE0008B002 /* Images.xcassets */; };
		73E206B91B2EEFFE0008B002 /* LaunchScreen.xib in Resources */ = {isa = PBXBuildFile; fileRef = 73E206B71B2EEFFE0008B002 /* LaunchScreen.xib */; };
		73E206C51B2EEFFE0008B002 /* e_HomegreenTests.swift in Sources */ = {isa = PBXBuildFile; fileRef = 73E206C41B2EEFFE0008B002 /* e_HomegreenTests.swift */; };
		73E206D91B2F16720008B002 /* DevicesViewController.swift in Sources */ = {isa = PBXBuildFile; fileRef = 73E206D81B2F16720008B002 /* DevicesViewController.swift */; };
		73E2311B1BA6E2C4003E41EC /* EventParametarVC.swift in Sources */ = {isa = PBXBuildFile; fileRef = 73E231151BA6E2C4003E41EC /* EventParametarVC.swift */; };
		73E2311C1BA6E2C4003E41EC /* EventParametarVC.xib in Resources */ = {isa = PBXBuildFile; fileRef = 73E231161BA6E2C4003E41EC /* EventParametarVC.xib */; };
		73E2311D1BA6E2C4003E41EC /* SceneParametarVC.swift in Sources */ = {isa = PBXBuildFile; fileRef = 73E231171BA6E2C4003E41EC /* SceneParametarVC.swift */; };
		73E2311E1BA6E2C4003E41EC /* SceneParametarVC.xib in Resources */ = {isa = PBXBuildFile; fileRef = 73E231181BA6E2C4003E41EC /* SceneParametarVC.xib */; };
		73E2311F1BA6E2C4003E41EC /* SequenceParametarVC.swift in Sources */ = {isa = PBXBuildFile; fileRef = 73E231191BA6E2C4003E41EC /* SequenceParametarVC.swift */; };
		73E231201BA6E2C4003E41EC /* SequenceParametarVC.xib in Resources */ = {isa = PBXBuildFile; fileRef = 73E2311A1BA6E2C4003E41EC /* SequenceParametarVC.xib */; };
		73E231221BA7010C003E41EC /* Event.swift in Sources */ = {isa = PBXBuildFile; fileRef = 73E231211BA7010C003E41EC /* Event.swift */; };
		73E231241BA7010D003E41EC /* Scene.swift in Sources */ = {isa = PBXBuildFile; fileRef = 73E231231BA7010D003E41EC /* Scene.swift */; };
		73E2312A1BA7239E003E41EC /* Sequence.swift in Sources */ = {isa = PBXBuildFile; fileRef = 73E231291BA7239E003E41EC /* Sequence.swift */; };
		73E28EDF1B6657A80016CD77 /* e_Homegreen.xcdatamodeld in Sources */ = {isa = PBXBuildFile; fileRef = 73E28EDD1B6657A80016CD77 /* e_Homegreen.xcdatamodeld */; };
		73E2C9F91B5E25570048C072 /* ViewControllerUtils.swift in Sources */ = {isa = PBXBuildFile; fileRef = 73E2C9F81B5E25570048C072 /* ViewControllerUtils.swift */; };
		73E427B61B4D08CE0083A747 /* IncomingHandler.swift in Sources */ = {isa = PBXBuildFile; fileRef = 73E427B51B4D08CE0083A747 /* IncomingHandler.swift */; };
		73E427BA1B4D0B870083A747 /* DeviceInfo.swift in Sources */ = {isa = PBXBuildFile; fileRef = 73E427B91B4D0B870083A747 /* DeviceInfo.swift */; };
		73E485231B60D531007A35AD /* InOutSocket.swift in Sources */ = {isa = PBXBuildFile; fileRef = 73E485221B60D531007A35AD /* InOutSocket.swift */; };
		73E758F11B4EBE0300ECE061 /* ConnectionsViewController.swift in Sources */ = {isa = PBXBuildFile; fileRef = 73E758F01B4EBE0300ECE061 /* ConnectionsViewController.swift */; };
		73E75DCC1BA8300700D2B101 /* Category.swift in Sources */ = {isa = PBXBuildFile; fileRef = 73E75DCB1BA8300700D2B101 /* Category.swift */; };
		73E75DD01BA8300800D2B101 /* Zone.swift in Sources */ = {isa = PBXBuildFile; fileRef = 73E75DCF1BA8300800D2B101 /* Zone.swift */; };
		73E9C27F1B31759800E3FEE3 /* CommonViewController.swift in Sources */ = {isa = PBXBuildFile; fileRef = 73E9C27E1B31759800E3FEE3 /* CommonViewController.swift */; };
		73ECD4A11B33189800767740 /* PullDownView.swift in Sources */ = {isa = PBXBuildFile; fileRef = 73ECD4A01B33189800767740 /* PullDownView.swift */; };
		73ECD4A31B332A6F00767740 /* Common.swift in Sources */ = {isa = PBXBuildFile; fileRef = 73ECD4A21B332A6F00767740 /* Common.swift */; };
		73ED6AFD1BA0249800E6CE06 /* RepeatSendingHandler.swift in Sources */ = {isa = PBXBuildFile; fileRef = 73ED6AFC1BA0249800E6CE06 /* RepeatSendingHandler.swift */; };
		73ED6B001BA068B900E6CE06 /* ProgressBarVC.swift in Sources */ = {isa = PBXBuildFile; fileRef = 73ED6AFE1BA068B900E6CE06 /* ProgressBarVC.swift */; };
		73ED6B011BA068B900E6CE06 /* ProgressBarVC.xib in Resources */ = {isa = PBXBuildFile; fileRef = 73ED6AFF1BA068B900E6CE06 /* ProgressBarVC.xib */; };
		73EF9F2E1BA1A2DC00A9CF35 /* Device.swift in Sources */ = {isa = PBXBuildFile; fileRef = 73EF9F2D1BA1A2DC00A9CF35 /* Device.swift */; };
		73F1F08F1BAD5BD7005C63AB /* ImportZoneViewController.swift in Sources */ = {isa = PBXBuildFile; fileRef = 73F1F08E1BAD5BD7005C63AB /* ImportZoneViewController.swift */; settings = {ASSET_TAGS = (); }; };
		73F1F0911BAD5BF1005C63AB /* ImportCategoryViewController.swift in Sources */ = {isa = PBXBuildFile; fileRef = 73F1F0901BAD5BF1005C63AB /* ImportCategoryViewController.swift */; settings = {ASSET_TAGS = (); }; };
		73F461241BB3D2F800B6B650 /* Surveilence+CoreDataProperties.swift in Sources */ = {isa = PBXBuildFile; fileRef = 73F461221BB3D2F800B6B650 /* Surveilence+CoreDataProperties.swift */; settings = {ASSET_TAGS = (); }; };
		73F461251BB3D2F800B6B650 /* Surveilence.swift in Sources */ = {isa = PBXBuildFile; fileRef = 73F461231BB3D2F800B6B650 /* Surveilence.swift */; settings = {ASSET_TAGS = (); }; };
		73FAAEAE1B57EE7200754810 /* ConnectionSettingsVC.swift in Sources */ = {isa = PBXBuildFile; fileRef = 73FAAEAC1B57EE7200754810 /* ConnectionSettingsVC.swift */; };
		73FAAEAF1B57EE7200754810 /* ConnectionSettingsVC.xib in Resources */ = {isa = PBXBuildFile; fileRef = 73FAAEAD1B57EE7200754810 /* ConnectionSettingsVC.xib */; };
		E705159F1BB3DB02009FDA0D /* SurveillanceSettingsViewController.swift in Sources */ = {isa = PBXBuildFile; fileRef = E705159E1BB3DB01009FDA0D /* SurveillanceSettingsViewController.swift */; settings = {ASSET_TAGS = (); }; };
		E70515A21BB3E147009FDA0D /* SurveillanceSettingsVC.swift in Sources */ = {isa = PBXBuildFile; fileRef = E70515A01BB3E147009FDA0D /* SurveillanceSettingsVC.swift */; settings = {ASSET_TAGS = (); }; };
		E70515A31BB3E147009FDA0D /* SurveillanceSettingsVC.xib in Resources */ = {isa = PBXBuildFile; fileRef = E70515A11BB3E147009FDA0D /* SurveillanceSettingsVC.xib */; settings = {ASSET_TAGS = (); }; };
		E73973A01B43E65F0077E984 /* MenuSettinsViewController.swift in Sources */ = {isa = PBXBuildFile; fileRef = E739739F1B43E65F0077E984 /* MenuSettinsViewController.swift */; };
		E75B4F7F1B42CB1100E48454 /* SPClockView.m in Sources */ = {isa = PBXBuildFile; fileRef = E75B4F7E1B42CB1100E48454 /* SPClockView.m */; };
		E75B4FC31B42FC0B00E48454 /* FSCalendar.m in Sources */ = {isa = PBXBuildFile; fileRef = E75B4FB81B42FC0B00E48454 /* FSCalendar.m */; };
		E75B4FC41B42FC0B00E48454 /* FSCalendarCell.m in Sources */ = {isa = PBXBuildFile; fileRef = E75B4FBA1B42FC0B00E48454 /* FSCalendarCell.m */; };
		E75B4FC51B42FC0B00E48454 /* FSCalendarHeader.m in Sources */ = {isa = PBXBuildFile; fileRef = E75B4FBC1B42FC0B00E48454 /* FSCalendarHeader.m */; };
		E75B4FC61B42FC0B00E48454 /* NSCalendar+FSExtension.m in Sources */ = {isa = PBXBuildFile; fileRef = E75B4FBE1B42FC0B00E48454 /* NSCalendar+FSExtension.m */; };
		E75B4FC71B42FC0B00E48454 /* NSDate+FSExtension.m in Sources */ = {isa = PBXBuildFile; fileRef = E75B4FC01B42FC0B00E48454 /* NSDate+FSExtension.m */; };
		E75B4FC81B42FC0B00E48454 /* UIView+FSExtension.m in Sources */ = {isa = PBXBuildFile; fileRef = E75B4FC21B42FC0B00E48454 /* UIView+FSExtension.m */; };
		E75F41671B662ED1005080F1 /* ScanViewController.swift in Sources */ = {isa = PBXBuildFile; fileRef = E75F41661B662ED1005080F1 /* ScanViewController.swift */; };
		E75F41691B6641A7005080F1 /* CustomSegue.swift in Sources */ = {isa = PBXBuildFile; fileRef = E75F41681B6641A6005080F1 /* CustomSegue.swift */; };
		E75F416B1B664BC3005080F1 /* SegueUnwind.swift in Sources */ = {isa = PBXBuildFile; fileRef = E75F416A1B664BC3005080F1 /* SegueUnwind.swift */; };
		E77E59471BB2C9070004D263 /* ImportFilesViewController.swift in Sources */ = {isa = PBXBuildFile; fileRef = E77E59451BB2C9070004D263 /* ImportFilesViewController.swift */; settings = {ASSET_TAGS = (); }; };
		E77E59481BB2C9070004D263 /* ImportFilesViewController.xib in Resources */ = {isa = PBXBuildFile; fileRef = E77E59461BB2C9070004D263 /* ImportFilesViewController.xib */; settings = {ASSET_TAGS = (); }; };
		E79A89261BAD6D6000714C64 /* ScanTimerViewController.swift in Sources */ = {isa = PBXBuildFile; fileRef = E79A89251BAD6D6000714C64 /* ScanTimerViewController.swift */; settings = {ASSET_TAGS = (); }; };
		E79A893F1BAD723A00714C64 /* Gateway+CoreDataProperties.swift in Sources */ = {isa = PBXBuildFile; fileRef = E79A893B1BAD723A00714C64 /* Gateway+CoreDataProperties.swift */; settings = {ASSET_TAGS = (); }; };
		E79A89401BAD723A00714C64 /* Gateway.swift in Sources */ = {isa = PBXBuildFile; fileRef = E79A893C1BAD723A00714C64 /* Gateway.swift */; settings = {ASSET_TAGS = (); }; };
		E79A89411BAD723A00714C64 /* Timer+CoreDataProperties.swift in Sources */ = {isa = PBXBuildFile; fileRef = E79A893D1BAD723A00714C64 /* Timer+CoreDataProperties.swift */; settings = {ASSET_TAGS = (); }; };
		E79A89421BAD723A00714C64 /* Timer.swift in Sources */ = {isa = PBXBuildFile; fileRef = E79A893E1BAD723A00714C64 /* Timer.swift */; settings = {ASSET_TAGS = (); }; };
		E79AEBAC1B70AEC300410E2D /* ClimaParametarVC.swift in Sources */ = {isa = PBXBuildFile; fileRef = E79AEBAA1B70AEC300410E2D /* ClimaParametarVC.swift */; };
		E79AEBAD1B70AEC300410E2D /* ClimaParametarVC.xib in Resources */ = {isa = PBXBuildFile; fileRef = E79AEBAB1B70AEC300410E2D /* ClimaParametarVC.xib */; };
		E79AEBB01B70B77D00410E2D /* AccessParametarVC.swift in Sources */ = {isa = PBXBuildFile; fileRef = E79AEBAE1B70B77D00410E2D /* AccessParametarVC.swift */; };
		E79AEBB11B70B77D00410E2D /* AccessParametarVC.xib in Resources */ = {isa = PBXBuildFile; fileRef = E79AEBAF1B70B77D00410E2D /* AccessParametarVC.xib */; };
		E79AEBB41B70BFD500410E2D /* DimmerParametarVC.swift in Sources */ = {isa = PBXBuildFile; fileRef = E79AEBB21B70BFD500410E2D /* DimmerParametarVC.swift */; };
		E79AEBB51B70BFD500410E2D /* DimmerParametarVC.xib in Resources */ = {isa = PBXBuildFile; fileRef = E79AEBB31B70BFD500410E2D /* DimmerParametarVC.xib */; };
		E79AEBB81B70C43300410E2D /* RelayParametarVC.swift in Sources */ = {isa = PBXBuildFile; fileRef = E79AEBB61B70C43300410E2D /* RelayParametarVC.swift */; };
		E79AEBB91B70C43300410E2D /* RelayParametarVC.xib in Resources */ = {isa = PBXBuildFile; fileRef = E79AEBB71B70C43300410E2D /* RelayParametarVC.xib */; };
		E79AEBBC1B70D1FC00410E2D /* DigitalInput.swift in Sources */ = {isa = PBXBuildFile; fileRef = E79AEBBA1B70D1FC00410E2D /* DigitalInput.swift */; };
		E79AEBBD1B70D1FC00410E2D /* DigitalInput.xib in Resources */ = {isa = PBXBuildFile; fileRef = E79AEBBB1B70D1FC00410E2D /* DigitalInput.xib */; };
		E7D9FFE81B3BE07900FC2C3B /* LXReorderableCollectionViewFlowLayout.m in Sources */ = {isa = PBXBuildFile; fileRef = E7D9FFE71B3BE07900FC2C3B /* LXReorderableCollectionViewFlowLayout.m */; };
		E7D9FFEA1B3C2E3D00FC2C3B /* PopOverViewController.swift in Sources */ = {isa = PBXBuildFile; fileRef = E7D9FFE91B3C2E3D00FC2C3B /* PopOverViewController.swift */; };
		E7DC67B41B457C0E00EA6543 /* weather-broken.png in Resources */ = {isa = PBXBuildFile; fileRef = E7DC679C1B457C0E00EA6543 /* weather-broken.png */; };
		E7DC67B51B457C0E00EA6543 /* weather-broken@2x.png in Resources */ = {isa = PBXBuildFile; fileRef = E7DC679D1B457C0E00EA6543 /* weather-broken@2x.png */; };
		E7DC67B61B457C0E00EA6543 /* weather-clear.png in Resources */ = {isa = PBXBuildFile; fileRef = E7DC679E1B457C0E00EA6543 /* weather-clear.png */; };
		E7DC67B71B457C0E00EA6543 /* weather-clear@2x.png in Resources */ = {isa = PBXBuildFile; fileRef = E7DC679F1B457C0E00EA6543 /* weather-clear@2x.png */; };
		E7DC67B81B457C0E00EA6543 /* weather-few-night.png in Resources */ = {isa = PBXBuildFile; fileRef = E7DC67A01B457C0E00EA6543 /* weather-few-night.png */; };
		E7DC67B91B457C0E00EA6543 /* weather-few-night@2x.png in Resources */ = {isa = PBXBuildFile; fileRef = E7DC67A11B457C0E00EA6543 /* weather-few-night@2x.png */; };
		E7DC67BA1B457C0E00EA6543 /* weather-few.png in Resources */ = {isa = PBXBuildFile; fileRef = E7DC67A21B457C0E00EA6543 /* weather-few.png */; };
		E7DC67BB1B457C0E00EA6543 /* weather-few@2x.png in Resources */ = {isa = PBXBuildFile; fileRef = E7DC67A31B457C0E00EA6543 /* weather-few@2x.png */; };
		E7DC67BC1B457C0E00EA6543 /* weather-mist.png in Resources */ = {isa = PBXBuildFile; fileRef = E7DC67A41B457C0E00EA6543 /* weather-mist.png */; };
		E7DC67BD1B457C0E00EA6543 /* weather-mist@2x.png in Resources */ = {isa = PBXBuildFile; fileRef = E7DC67A51B457C0E00EA6543 /* weather-mist@2x.png */; };
		E7DC67BE1B457C0E00EA6543 /* weather-moon.png in Resources */ = {isa = PBXBuildFile; fileRef = E7DC67A61B457C0E00EA6543 /* weather-moon.png */; };
		E7DC67BF1B457C0E00EA6543 /* weather-moon@2x.png in Resources */ = {isa = PBXBuildFile; fileRef = E7DC67A71B457C0E00EA6543 /* weather-moon@2x.png */; };
		E7DC67C01B457C0E00EA6543 /* weather-rain-night.png in Resources */ = {isa = PBXBuildFile; fileRef = E7DC67A81B457C0E00EA6543 /* weather-rain-night.png */; };
		E7DC67C11B457C0E00EA6543 /* weather-rain-night@2x.png in Resources */ = {isa = PBXBuildFile; fileRef = E7DC67A91B457C0E00EA6543 /* weather-rain-night@2x.png */; };
		E7DC67C21B457C0E00EA6543 /* weather-rain.png in Resources */ = {isa = PBXBuildFile; fileRef = E7DC67AA1B457C0E00EA6543 /* weather-rain.png */; };
		E7DC67C31B457C0E00EA6543 /* weather-rain@2x.png in Resources */ = {isa = PBXBuildFile; fileRef = E7DC67AB1B457C0E00EA6543 /* weather-rain@2x.png */; };
		E7DC67C41B457C0E00EA6543 /* weather-scattered.png in Resources */ = {isa = PBXBuildFile; fileRef = E7DC67AC1B457C0E00EA6543 /* weather-scattered.png */; };
		E7DC67C51B457C0E00EA6543 /* weather-scattered@2x.png in Resources */ = {isa = PBXBuildFile; fileRef = E7DC67AD1B457C0E00EA6543 /* weather-scattered@2x.png */; };
		E7DC67C61B457C0E00EA6543 /* weather-shower.png in Resources */ = {isa = PBXBuildFile; fileRef = E7DC67AE1B457C0E00EA6543 /* weather-shower.png */; };
		E7DC67C71B457C0E00EA6543 /* weather-shower@2x.png in Resources */ = {isa = PBXBuildFile; fileRef = E7DC67AF1B457C0E00EA6543 /* weather-shower@2x.png */; };
		E7DC67C81B457C0E00EA6543 /* weather-snow.png in Resources */ = {isa = PBXBuildFile; fileRef = E7DC67B01B457C0E00EA6543 /* weather-snow.png */; };
		E7DC67C91B457C0E00EA6543 /* weather-snow@2x.png in Resources */ = {isa = PBXBuildFile; fileRef = E7DC67B11B457C0E00EA6543 /* weather-snow@2x.png */; };
		E7DC67CA1B457C0E00EA6543 /* weather-tstorm.png in Resources */ = {isa = PBXBuildFile; fileRef = E7DC67B21B457C0E00EA6543 /* weather-tstorm.png */; };
		E7DC67CB1B457C0E00EA6543 /* weather-tstorm@2x.png in Resources */ = {isa = PBXBuildFile; fileRef = E7DC67B31B457C0E00EA6543 /* weather-tstorm@2x.png */; };
		E7DC67CE1B457CD400EA6543 /* day.png in Resources */ = {isa = PBXBuildFile; fileRef = E7DC67CC1B457CD400EA6543 /* day.png */; };
		E7DC67CF1B457CD400EA6543 /* night.png in Resources */ = {isa = PBXBuildFile; fileRef = E7DC67CD1B457CD400EA6543 /* night.png */; };
		E7E08E041B4E4D9700153E9A /* ClimaSettingsViewController.swift in Sources */ = {isa = PBXBuildFile; fileRef = E7E08E021B4E4D9700153E9A /* ClimaSettingsViewController.swift */; };
		E7E08E051B4E4D9700153E9A /* ClimaSettingsViewController.xib in Resources */ = {isa = PBXBuildFile; fileRef = E7E08E031B4E4D9700153E9A /* ClimaSettingsViewController.xib */; };
		E7E149BB1B3AAF7F005FD41D /* Tahoma.ttf in Resources */ = {isa = PBXBuildFile; fileRef = E7E149BA1B3AAF7F005FD41D /* Tahoma.ttf */; };
		E7E1A81C1B3804D0008D8713 /* AVFoundation.framework in Frameworks */ = {isa = PBXBuildFile; fileRef = E7E1A81B1B3804D0008D8713 /* AVFoundation.framework */; };
		E7E1A81E1B3804DA008D8713 /* AudioToolbox.framework in Frameworks */ = {isa = PBXBuildFile; fileRef = E7E1A81D1B3804DA008D8713 /* AudioToolbox.framework */; };
		E7E1A8241B3804F1008D8713 /* AcousticModelEnglish.bundle in Resources */ = {isa = PBXBuildFile; fileRef = E7E1A8201B3804F1008D8713 /* AcousticModelEnglish.bundle */; };
		E7E1A8251B3804F1008D8713 /* AcousticModelSpanish.bundle in Resources */ = {isa = PBXBuildFile; fileRef = E7E1A8211B3804F1008D8713 /* AcousticModelSpanish.bundle */; };
		E7E1A8261B3804F1008D8713 /* OpenEars.framework in Frameworks */ = {isa = PBXBuildFile; fileRef = E7E1A8221B3804F1008D8713 /* OpenEars.framework */; };
		E7E1A8271B3804F1008D8713 /* Slt.framework in Frameworks */ = {isa = PBXBuildFile; fileRef = E7E1A8231B3804F1008D8713 /* Slt.framework */; };
		E7E242131B68B35400CEAB9A /* CellParametarVC.swift in Sources */ = {isa = PBXBuildFile; fileRef = E7E242111B68B35400CEAB9A /* CellParametarVC.swift */; };
		E7E242141B68B35400CEAB9A /* CellParametarVC.xib in Resources */ = {isa = PBXBuildFile; fileRef = E7E242121B68B35400CEAB9A /* CellParametarVC.xib */; };
		E7EBA7661B57B321003D023E /* SystemConfiguration.framework in Frameworks */ = {isa = PBXBuildFile; fileRef = E7EBA7651B57B321003D023E /* SystemConfiguration.framework */; };
		E7F15B041B8F27840025082D /* SceneGalleryVC.swift in Sources */ = {isa = PBXBuildFile; fileRef = E7F15B021B8F27840025082D /* SceneGalleryVC.swift */; };
		E7F15B051B8F27840025082D /* SceneGalleryVC.xib in Resources */ = {isa = PBXBuildFile; fileRef = E7F15B031B8F27840025082D /* SceneGalleryVC.xib */; };
		E7F15B081B8F4B240025082D /* GalleryCollectionViewCell.swift in Sources */ = {isa = PBXBuildFile; fileRef = E7F15B061B8F4B240025082D /* GalleryCollectionViewCell.swift */; };
		E7F15B091B8F4B240025082D /* GalleryCollectionViewCell.xib in Resources */ = {isa = PBXBuildFile; fileRef = E7F15B071B8F4B240025082D /* GalleryCollectionViewCell.xib */; };
		E7F57B091BA7FE5D006B0D71 /* ScanScenesViewController.swift in Sources */ = {isa = PBXBuildFile; fileRef = E7F57B081BA7FE5D006B0D71 /* ScanScenesViewController.swift */; };
		E7F57B0B1BA80413006B0D71 /* ScanDevicesViewController.swift in Sources */ = {isa = PBXBuildFile; fileRef = E7F57B0A1BA80413006B0D71 /* ScanDevicesViewController.swift */; };
		E7F57B0D1BA847D8006B0D71 /* ScanSequencesesViewController.swift in Sources */ = {isa = PBXBuildFile; fileRef = E7F57B0C1BA847D8006B0D71 /* ScanSequencesesViewController.swift */; };
		E7F57B0F1BA847F8006B0D71 /* ScanEventsViewController.swift in Sources */ = {isa = PBXBuildFile; fileRef = E7F57B0E1BA847F8006B0D71 /* ScanEventsViewController.swift */; };
		E7FB6A211B9D95D50016246B /* CameraVC.swift in Sources */ = {isa = PBXBuildFile; fileRef = E7FB6A1F1B9D95D50016246B /* CameraVC.swift */; };
		E7FB6A221B9D95D50016246B /* CameraVC.xib in Resources */ = {isa = PBXBuildFile; fileRef = E7FB6A201B9D95D50016246B /* CameraVC.xib */; };
/* End PBXBuildFile section */

/* Begin PBXContainerItemProxy section */
		73E206BF1B2EEFFE0008B002 /* PBXContainerItemProxy */ = {
			isa = PBXContainerItemProxy;
			containerPortal = 73E2069E1B2EEFFE0008B002 /* Project object */;
			proxyType = 1;
			remoteGlobalIDString = 73E206A51B2EEFFE0008B002;
			remoteInfo = "e-Homegreen";
		};
/* End PBXContainerItemProxy section */

/* Begin PBXFileReference section */
		170E75200A22D49DA5CAC1EC /* Pods.release.xcconfig */ = {isa = PBXFileReference; includeInIndex = 1; lastKnownFileType = text.xcconfig; name = Pods.release.xcconfig; path = "Pods/Target Support Files/Pods/Pods.release.xcconfig"; sourceTree = "<group>"; };
		73556C811BB02C6600428375 /* File.swift */ = {isa = PBXFileReference; fileEncoding = 4; lastKnownFileType = sourcecode.swift; path = File.swift; sourceTree = "<group>"; };
		736265E21B4A483E0078C11D /* Function.swift */ = {isa = PBXFileReference; fileEncoding = 4; lastKnownFileType = sourcecode.swift; path = Function.swift; sourceTree = "<group>"; };
		736A5B261B5A678F008FD745 /* HashTable.swift */ = {isa = PBXFileReference; fileEncoding = 4; lastKnownFileType = sourcecode.swift; path = HashTable.swift; sourceTree = "<group>"; };
		736F17D11B3AE840003A6A02 /* EventsViewController.swift */ = {isa = PBXFileReference; fileEncoding = 4; lastKnownFileType = sourcecode.swift; path = EventsViewController.swift; sourceTree = "<group>"; };
		736F17D31B3AE850003A6A02 /* SequencesViewController.swift */ = {isa = PBXFileReference; fileEncoding = 4; lastKnownFileType = sourcecode.swift; path = SequencesViewController.swift; sourceTree = "<group>"; };
		736F17D51B3AE85F003A6A02 /* TimersViewController.swift */ = {isa = PBXFileReference; fileEncoding = 4; lastKnownFileType = sourcecode.swift; path = TimersViewController.swift; sourceTree = "<group>"; };
		736F17D71B3AE870003A6A02 /* FlagsViewController.swift */ = {isa = PBXFileReference; fileEncoding = 4; lastKnownFileType = sourcecode.swift; path = FlagsViewController.swift; sourceTree = "<group>"; };
		736F17D91B3AE87E003A6A02 /* ChatViewController.swift */ = {isa = PBXFileReference; fileEncoding = 4; lastKnownFileType = sourcecode.swift; path = ChatViewController.swift; sourceTree = "<group>"; };
		736F17DB1B3AE894003A6A02 /* SurveillenceViewController.swift */ = {isa = PBXFileReference; fileEncoding = 4; lastKnownFileType = sourcecode.swift; path = SurveillenceViewController.swift; sourceTree = "<group>"; };
		736F17DD1B3AE8A3003A6A02 /* EnergyViewController.swift */ = {isa = PBXFileReference; fileEncoding = 4; lastKnownFileType = sourcecode.swift; path = EnergyViewController.swift; sourceTree = "<group>"; };
		736F17DF1B3AF3E9003A6A02 /* DashboardViewController.swift */ = {isa = PBXFileReference; fileEncoding = 4; lastKnownFileType = sourcecode.swift; path = DashboardViewController.swift; sourceTree = "<group>"; };
		738BFD051B9EF79F005D183F /* DataImporter.swift */ = {isa = PBXFileReference; fileEncoding = 4; lastKnownFileType = sourcecode.swift; path = DataImporter.swift; sourceTree = "<group>"; };
		73B6D94D1B5B92FE00E783DD /* SendingHandler.swift */ = {isa = PBXFileReference; fileEncoding = 4; lastKnownFileType = sourcecode.swift; path = SendingHandler.swift; sourceTree = "<group>"; };
		73D6A98F1B5FF2CD003388B7 /* TestSocket.swift */ = {isa = PBXFileReference; fileEncoding = 4; lastKnownFileType = sourcecode.swift; path = TestSocket.swift; sourceTree = "<group>"; };
		73DB849E1B30116D000DB4EB /* ScenesViewController.swift */ = {isa = PBXFileReference; fileEncoding = 4; lastKnownFileType = sourcecode.swift; path = ScenesViewController.swift; sourceTree = "<group>"; };
		73DB84A01B301184000DB4EB /* NFCViewController.swift */ = {isa = PBXFileReference; fileEncoding = 4; lastKnownFileType = sourcecode.swift; path = NFCViewController.swift; sourceTree = "<group>"; };
		73DB84A21B301338000DB4EB /* SettingsViewController.swift */ = {isa = PBXFileReference; fileEncoding = 4; lastKnownFileType = sourcecode.swift; path = SettingsViewController.swift; sourceTree = "<group>"; };
		73DB84A41B301399000DB4EB /* CameraViewController.swift */ = {isa = PBXFileReference; fileEncoding = 4; lastKnownFileType = sourcecode.swift; path = CameraViewController.swift; sourceTree = "<group>"; };
		73DB84A61B3013B2000DB4EB /* DatabaseViewController.swift */ = {isa = PBXFileReference; fileEncoding = 4; lastKnownFileType = sourcecode.swift; path = DatabaseViewController.swift; sourceTree = "<group>"; };
		73DB84A81B3013CB000DB4EB /* SecurityViewController.swift */ = {isa = PBXFileReference; fileEncoding = 4; lastKnownFileType = sourcecode.swift; path = SecurityViewController.swift; sourceTree = "<group>"; };
		73DB8B901B2FF87600139E58 /* Menu.swift */ = {isa = PBXFileReference; fileEncoding = 4; lastKnownFileType = sourcecode.swift; path = Menu.swift; sourceTree = "<group>"; };
		73DB8B921B2FF8A400139E58 /* ContainerViewController.swift */ = {isa = PBXFileReference; fileEncoding = 4; lastKnownFileType = sourcecode.swift; path = ContainerViewController.swift; sourceTree = "<group>"; };
		73DB8B941B2FF98700139E58 /* CenterViewController.swift */ = {isa = PBXFileReference; fileEncoding = 4; lastKnownFileType = sourcecode.swift; path = CenterViewController.swift; sourceTree = "<group>"; };
		73DB8B961B2FFA4D00139E58 /* SidePanelViewController.swift */ = {isa = PBXFileReference; fileEncoding = 4; lastKnownFileType = sourcecode.swift; path = SidePanelViewController.swift; sourceTree = "<group>"; };
		73E206A61B2EEFFE0008B002 /* e-Homegreen.app */ = {isa = PBXFileReference; explicitFileType = wrapper.application; includeInIndex = 0; path = "e-Homegreen.app"; sourceTree = BUILT_PRODUCTS_DIR; };
		73E206AA1B2EEFFE0008B002 /* Info.plist */ = {isa = PBXFileReference; lastKnownFileType = text.plist.xml; path = Info.plist; sourceTree = "<group>"; };
		73E206AB1B2EEFFE0008B002 /* AppDelegate.swift */ = {isa = PBXFileReference; lastKnownFileType = sourcecode.swift; path = AppDelegate.swift; sourceTree = "<group>"; };
		73E206B31B2EEFFE0008B002 /* Base */ = {isa = PBXFileReference; lastKnownFileType = file.storyboard; name = Base; path = Base.lproj/Main.storyboard; sourceTree = "<group>"; };
		73E206B51B2EEFFE0008B002 /* Images.xcassets */ = {isa = PBXFileReference; lastKnownFileType = folder.assetcatalog; path = Images.xcassets; sourceTree = "<group>"; };
		73E206B81B2EEFFE0008B002 /* Base */ = {isa = PBXFileReference; lastKnownFileType = file.xib; name = Base; path = Base.lproj/LaunchScreen.xib; sourceTree = "<group>"; };
		73E206BE1B2EEFFE0008B002 /* e-HomegreenTests.xctest */ = {isa = PBXFileReference; explicitFileType = wrapper.cfbundle; includeInIndex = 0; path = "e-HomegreenTests.xctest"; sourceTree = BUILT_PRODUCTS_DIR; };
		73E206C31B2EEFFE0008B002 /* Info.plist */ = {isa = PBXFileReference; lastKnownFileType = text.plist.xml; path = Info.plist; sourceTree = "<group>"; };
		73E206C41B2EEFFE0008B002 /* e_HomegreenTests.swift */ = {isa = PBXFileReference; lastKnownFileType = sourcecode.swift; path = e_HomegreenTests.swift; sourceTree = "<group>"; };
		73E206D81B2F16720008B002 /* DevicesViewController.swift */ = {isa = PBXFileReference; fileEncoding = 4; lastKnownFileType = sourcecode.swift; path = DevicesViewController.swift; sourceTree = "<group>"; };
		73E231151BA6E2C4003E41EC /* EventParametarVC.swift */ = {isa = PBXFileReference; fileEncoding = 4; lastKnownFileType = sourcecode.swift; path = EventParametarVC.swift; sourceTree = "<group>"; };
		73E231161BA6E2C4003E41EC /* EventParametarVC.xib */ = {isa = PBXFileReference; fileEncoding = 4; lastKnownFileType = file.xib; path = EventParametarVC.xib; sourceTree = "<group>"; };
		73E231171BA6E2C4003E41EC /* SceneParametarVC.swift */ = {isa = PBXFileReference; fileEncoding = 4; lastKnownFileType = sourcecode.swift; path = SceneParametarVC.swift; sourceTree = "<group>"; };
		73E231181BA6E2C4003E41EC /* SceneParametarVC.xib */ = {isa = PBXFileReference; fileEncoding = 4; lastKnownFileType = file.xib; path = SceneParametarVC.xib; sourceTree = "<group>"; };
		73E231191BA6E2C4003E41EC /* SequenceParametarVC.swift */ = {isa = PBXFileReference; fileEncoding = 4; lastKnownFileType = sourcecode.swift; path = SequenceParametarVC.swift; sourceTree = "<group>"; };
		73E2311A1BA6E2C4003E41EC /* SequenceParametarVC.xib */ = {isa = PBXFileReference; fileEncoding = 4; lastKnownFileType = file.xib; path = SequenceParametarVC.xib; sourceTree = "<group>"; };
		73E231211BA7010C003E41EC /* Event.swift */ = {isa = PBXFileReference; fileEncoding = 4; lastKnownFileType = sourcecode.swift; path = Event.swift; sourceTree = "<group>"; };
		73E231231BA7010D003E41EC /* Scene.swift */ = {isa = PBXFileReference; fileEncoding = 4; lastKnownFileType = sourcecode.swift; path = Scene.swift; sourceTree = "<group>"; };
		73E231291BA7239E003E41EC /* Sequence.swift */ = {isa = PBXFileReference; fileEncoding = 4; lastKnownFileType = sourcecode.swift; path = Sequence.swift; sourceTree = "<group>"; };
		73E28EDE1B6657A80016CD77 /* e_Homegreen.xcdatamodel */ = {isa = PBXFileReference; lastKnownFileType = wrapper.xcdatamodel; path = e_Homegreen.xcdatamodel; sourceTree = "<group>"; };
		73E2C9F81B5E25570048C072 /* ViewControllerUtils.swift */ = {isa = PBXFileReference; fileEncoding = 4; lastKnownFileType = sourcecode.swift; path = ViewControllerUtils.swift; sourceTree = "<group>"; };
		73E427B51B4D08CE0083A747 /* IncomingHandler.swift */ = {isa = PBXFileReference; fileEncoding = 4; lastKnownFileType = sourcecode.swift; path = IncomingHandler.swift; sourceTree = "<group>"; };
		73E427B91B4D0B870083A747 /* DeviceInfo.swift */ = {isa = PBXFileReference; fileEncoding = 4; lastKnownFileType = sourcecode.swift; path = DeviceInfo.swift; sourceTree = "<group>"; };
		73E485221B60D531007A35AD /* InOutSocket.swift */ = {isa = PBXFileReference; fileEncoding = 4; lastKnownFileType = sourcecode.swift; path = InOutSocket.swift; sourceTree = "<group>"; };
		73E758F01B4EBE0300ECE061 /* ConnectionsViewController.swift */ = {isa = PBXFileReference; fileEncoding = 4; lastKnownFileType = sourcecode.swift; path = ConnectionsViewController.swift; sourceTree = "<group>"; };
		73E75DCB1BA8300700D2B101 /* Category.swift */ = {isa = PBXFileReference; fileEncoding = 4; lastKnownFileType = sourcecode.swift; path = Category.swift; sourceTree = "<group>"; };
		73E75DCF1BA8300800D2B101 /* Zone.swift */ = {isa = PBXFileReference; fileEncoding = 4; lastKnownFileType = sourcecode.swift; path = Zone.swift; sourceTree = "<group>"; };
		73E9C27E1B31759800E3FEE3 /* CommonViewController.swift */ = {isa = PBXFileReference; fileEncoding = 4; lastKnownFileType = sourcecode.swift; path = CommonViewController.swift; sourceTree = "<group>"; };
		73ECD4A01B33189800767740 /* PullDownView.swift */ = {isa = PBXFileReference; fileEncoding = 4; lastKnownFileType = sourcecode.swift; path = PullDownView.swift; sourceTree = "<group>"; };
		73ECD4A21B332A6F00767740 /* Common.swift */ = {isa = PBXFileReference; fileEncoding = 4; lastKnownFileType = sourcecode.swift; path = Common.swift; sourceTree = "<group>"; };
		73ED6AFC1BA0249800E6CE06 /* RepeatSendingHandler.swift */ = {isa = PBXFileReference; fileEncoding = 4; lastKnownFileType = sourcecode.swift; path = RepeatSendingHandler.swift; sourceTree = "<group>"; };
		73ED6AFE1BA068B900E6CE06 /* ProgressBarVC.swift */ = {isa = PBXFileReference; fileEncoding = 4; lastKnownFileType = sourcecode.swift; path = ProgressBarVC.swift; sourceTree = "<group>"; };
		73ED6AFF1BA068B900E6CE06 /* ProgressBarVC.xib */ = {isa = PBXFileReference; fileEncoding = 4; lastKnownFileType = file.xib; path = ProgressBarVC.xib; sourceTree = "<group>"; };
		73EF9F2D1BA1A2DC00A9CF35 /* Device.swift */ = {isa = PBXFileReference; fileEncoding = 4; lastKnownFileType = sourcecode.swift; path = Device.swift; sourceTree = "<group>"; };
		73F1F08E1BAD5BD7005C63AB /* ImportZoneViewController.swift */ = {isa = PBXFileReference; fileEncoding = 4; lastKnownFileType = sourcecode.swift; path = ImportZoneViewController.swift; sourceTree = "<group>"; };
		73F1F0901BAD5BF1005C63AB /* ImportCategoryViewController.swift */ = {isa = PBXFileReference; fileEncoding = 4; lastKnownFileType = sourcecode.swift; path = ImportCategoryViewController.swift; sourceTree = "<group>"; };
		73F461221BB3D2F800B6B650 /* Surveilence+CoreDataProperties.swift */ = {isa = PBXFileReference; fileEncoding = 4; lastKnownFileType = sourcecode.swift; path = "Surveilence+CoreDataProperties.swift"; sourceTree = "<group>"; };
		73F461231BB3D2F800B6B650 /* Surveilence.swift */ = {isa = PBXFileReference; fileEncoding = 4; lastKnownFileType = sourcecode.swift; path = Surveilence.swift; sourceTree = "<group>"; };
		73FAAEAC1B57EE7200754810 /* ConnectionSettingsVC.swift */ = {isa = PBXFileReference; fileEncoding = 4; lastKnownFileType = sourcecode.swift; path = ConnectionSettingsVC.swift; sourceTree = "<group>"; };
		73FAAEAD1B57EE7200754810 /* ConnectionSettingsVC.xib */ = {isa = PBXFileReference; fileEncoding = 4; lastKnownFileType = file.xib; path = ConnectionSettingsVC.xib; sourceTree = "<group>"; };
		E3AFD136AEC4526FF7C887E1 /* libPods.a */ = {isa = PBXFileReference; explicitFileType = archive.ar; includeInIndex = 0; path = libPods.a; sourceTree = BUILT_PRODUCTS_DIR; };
		E705159E1BB3DB01009FDA0D /* SurveillanceSettingsViewController.swift */ = {isa = PBXFileReference; fileEncoding = 4; lastKnownFileType = sourcecode.swift; path = SurveillanceSettingsViewController.swift; sourceTree = "<group>"; };
		E70515A01BB3E147009FDA0D /* SurveillanceSettingsVC.swift */ = {isa = PBXFileReference; fileEncoding = 4; lastKnownFileType = sourcecode.swift; path = SurveillanceSettingsVC.swift; sourceTree = "<group>"; };
		E70515A11BB3E147009FDA0D /* SurveillanceSettingsVC.xib */ = {isa = PBXFileReference; fileEncoding = 4; lastKnownFileType = file.xib; path = SurveillanceSettingsVC.xib; sourceTree = "<group>"; };
		E739739F1B43E65F0077E984 /* MenuSettinsViewController.swift */ = {isa = PBXFileReference; fileEncoding = 4; lastKnownFileType = sourcecode.swift; path = MenuSettinsViewController.swift; sourceTree = "<group>"; };
		E75B4F7D1B42CB1100E48454 /* SPClockView.h */ = {isa = PBXFileReference; fileEncoding = 4; lastKnownFileType = sourcecode.c.h; path = SPClockView.h; sourceTree = "<group>"; };
		E75B4F7E1B42CB1100E48454 /* SPClockView.m */ = {isa = PBXFileReference; fileEncoding = 4; lastKnownFileType = sourcecode.c.objc; path = SPClockView.m; sourceTree = "<group>"; };
		E75B4FB71B42FC0B00E48454 /* FSCalendar.h */ = {isa = PBXFileReference; fileEncoding = 4; lastKnownFileType = sourcecode.c.h; path = FSCalendar.h; sourceTree = "<group>"; };
		E75B4FB81B42FC0B00E48454 /* FSCalendar.m */ = {isa = PBXFileReference; fileEncoding = 4; lastKnownFileType = sourcecode.c.objc; path = FSCalendar.m; sourceTree = "<group>"; };
		E75B4FB91B42FC0B00E48454 /* FSCalendarCell.h */ = {isa = PBXFileReference; fileEncoding = 4; lastKnownFileType = sourcecode.c.h; path = FSCalendarCell.h; sourceTree = "<group>"; };
		E75B4FBA1B42FC0B00E48454 /* FSCalendarCell.m */ = {isa = PBXFileReference; fileEncoding = 4; lastKnownFileType = sourcecode.c.objc; path = FSCalendarCell.m; sourceTree = "<group>"; };
		E75B4FBB1B42FC0B00E48454 /* FSCalendarHeader.h */ = {isa = PBXFileReference; fileEncoding = 4; lastKnownFileType = sourcecode.c.h; path = FSCalendarHeader.h; sourceTree = "<group>"; };
		E75B4FBC1B42FC0B00E48454 /* FSCalendarHeader.m */ = {isa = PBXFileReference; fileEncoding = 4; lastKnownFileType = sourcecode.c.objc; path = FSCalendarHeader.m; sourceTree = "<group>"; };
		E75B4FBD1B42FC0B00E48454 /* NSCalendar+FSExtension.h */ = {isa = PBXFileReference; fileEncoding = 4; lastKnownFileType = sourcecode.c.h; path = "NSCalendar+FSExtension.h"; sourceTree = "<group>"; };
		E75B4FBE1B42FC0B00E48454 /* NSCalendar+FSExtension.m */ = {isa = PBXFileReference; fileEncoding = 4; lastKnownFileType = sourcecode.c.objc; path = "NSCalendar+FSExtension.m"; sourceTree = "<group>"; };
		E75B4FBF1B42FC0B00E48454 /* NSDate+FSExtension.h */ = {isa = PBXFileReference; fileEncoding = 4; lastKnownFileType = sourcecode.c.h; path = "NSDate+FSExtension.h"; sourceTree = "<group>"; };
		E75B4FC01B42FC0B00E48454 /* NSDate+FSExtension.m */ = {isa = PBXFileReference; fileEncoding = 4; lastKnownFileType = sourcecode.c.objc; path = "NSDate+FSExtension.m"; sourceTree = "<group>"; };
		E75B4FC11B42FC0B00E48454 /* UIView+FSExtension.h */ = {isa = PBXFileReference; fileEncoding = 4; lastKnownFileType = sourcecode.c.h; path = "UIView+FSExtension.h"; sourceTree = "<group>"; };
		E75B4FC21B42FC0B00E48454 /* UIView+FSExtension.m */ = {isa = PBXFileReference; fileEncoding = 4; lastKnownFileType = sourcecode.c.objc; path = "UIView+FSExtension.m"; sourceTree = "<group>"; };
		E75F41661B662ED1005080F1 /* ScanViewController.swift */ = {isa = PBXFileReference; fileEncoding = 4; lastKnownFileType = sourcecode.swift; path = ScanViewController.swift; sourceTree = "<group>"; };
		E75F41681B6641A6005080F1 /* CustomSegue.swift */ = {isa = PBXFileReference; fileEncoding = 4; lastKnownFileType = sourcecode.swift; path = CustomSegue.swift; sourceTree = "<group>"; };
		E75F416A1B664BC3005080F1 /* SegueUnwind.swift */ = {isa = PBXFileReference; fileEncoding = 4; lastKnownFileType = sourcecode.swift; path = SegueUnwind.swift; sourceTree = "<group>"; };
		E77E59451BB2C9070004D263 /* ImportFilesViewController.swift */ = {isa = PBXFileReference; fileEncoding = 4; lastKnownFileType = sourcecode.swift; path = ImportFilesViewController.swift; sourceTree = "<group>"; };
		E77E59461BB2C9070004D263 /* ImportFilesViewController.xib */ = {isa = PBXFileReference; fileEncoding = 4; lastKnownFileType = file.xib; path = ImportFilesViewController.xib; sourceTree = "<group>"; };
		E79A89251BAD6D6000714C64 /* ScanTimerViewController.swift */ = {isa = PBXFileReference; fileEncoding = 4; lastKnownFileType = sourcecode.swift; path = ScanTimerViewController.swift; sourceTree = "<group>"; };
		E79A893B1BAD723A00714C64 /* Gateway+CoreDataProperties.swift */ = {isa = PBXFileReference; fileEncoding = 4; lastKnownFileType = sourcecode.swift; path = "Gateway+CoreDataProperties.swift"; sourceTree = "<group>"; };
		E79A893C1BAD723A00714C64 /* Gateway.swift */ = {isa = PBXFileReference; fileEncoding = 4; lastKnownFileType = sourcecode.swift; path = Gateway.swift; sourceTree = "<group>"; };
		E79A893D1BAD723A00714C64 /* Timer+CoreDataProperties.swift */ = {isa = PBXFileReference; fileEncoding = 4; lastKnownFileType = sourcecode.swift; path = "Timer+CoreDataProperties.swift"; sourceTree = "<group>"; };
		E79A893E1BAD723A00714C64 /* Timer.swift */ = {isa = PBXFileReference; fileEncoding = 4; lastKnownFileType = sourcecode.swift; path = Timer.swift; sourceTree = "<group>"; };
		E79AEBAA1B70AEC300410E2D /* ClimaParametarVC.swift */ = {isa = PBXFileReference; fileEncoding = 4; lastKnownFileType = sourcecode.swift; path = ClimaParametarVC.swift; sourceTree = "<group>"; };
		E79AEBAB1B70AEC300410E2D /* ClimaParametarVC.xib */ = {isa = PBXFileReference; fileEncoding = 4; lastKnownFileType = file.xib; path = ClimaParametarVC.xib; sourceTree = "<group>"; };
		E79AEBAE1B70B77D00410E2D /* AccessParametarVC.swift */ = {isa = PBXFileReference; fileEncoding = 4; lastKnownFileType = sourcecode.swift; path = AccessParametarVC.swift; sourceTree = "<group>"; };
		E79AEBAF1B70B77D00410E2D /* AccessParametarVC.xib */ = {isa = PBXFileReference; fileEncoding = 4; lastKnownFileType = file.xib; path = AccessParametarVC.xib; sourceTree = "<group>"; };
		E79AEBB21B70BFD500410E2D /* DimmerParametarVC.swift */ = {isa = PBXFileReference; fileEncoding = 4; lastKnownFileType = sourcecode.swift; path = DimmerParametarVC.swift; sourceTree = "<group>"; };
		E79AEBB31B70BFD500410E2D /* DimmerParametarVC.xib */ = {isa = PBXFileReference; fileEncoding = 4; lastKnownFileType = file.xib; path = DimmerParametarVC.xib; sourceTree = "<group>"; };
		E79AEBB61B70C43300410E2D /* RelayParametarVC.swift */ = {isa = PBXFileReference; fileEncoding = 4; lastKnownFileType = sourcecode.swift; path = RelayParametarVC.swift; sourceTree = "<group>"; };
		E79AEBB71B70C43300410E2D /* RelayParametarVC.xib */ = {isa = PBXFileReference; fileEncoding = 4; lastKnownFileType = file.xib; path = RelayParametarVC.xib; sourceTree = "<group>"; };
		E79AEBBA1B70D1FC00410E2D /* DigitalInput.swift */ = {isa = PBXFileReference; fileEncoding = 4; lastKnownFileType = sourcecode.swift; path = DigitalInput.swift; sourceTree = "<group>"; };
		E79AEBBB1B70D1FC00410E2D /* DigitalInput.xib */ = {isa = PBXFileReference; fileEncoding = 4; lastKnownFileType = file.xib; path = DigitalInput.xib; sourceTree = "<group>"; };
		E7D9FFE41B3BE02700FC2C3B /* e-Homegreen-Bridging-Header.h */ = {isa = PBXFileReference; lastKnownFileType = sourcecode.c.h; path = "e-Homegreen-Bridging-Header.h"; sourceTree = SOURCE_ROOT; };
		E7D9FFE61B3BE07900FC2C3B /* LXReorderableCollectionViewFlowLayout.h */ = {isa = PBXFileReference; fileEncoding = 4; lastKnownFileType = sourcecode.c.h; path = LXReorderableCollectionViewFlowLayout.h; sourceTree = "<group>"; };
		E7D9FFE71B3BE07900FC2C3B /* LXReorderableCollectionViewFlowLayout.m */ = {isa = PBXFileReference; fileEncoding = 4; lastKnownFileType = sourcecode.c.objc; path = LXReorderableCollectionViewFlowLayout.m; sourceTree = "<group>"; };
		E7D9FFE91B3C2E3D00FC2C3B /* PopOverViewController.swift */ = {isa = PBXFileReference; fileEncoding = 4; lastKnownFileType = sourcecode.swift; path = PopOverViewController.swift; sourceTree = "<group>"; };
		E7DC679C1B457C0E00EA6543 /* weather-broken.png */ = {isa = PBXFileReference; lastKnownFileType = image.png; path = "weather-broken.png"; sourceTree = "<group>"; };
		E7DC679D1B457C0E00EA6543 /* weather-broken@2x.png */ = {isa = PBXFileReference; lastKnownFileType = image.png; path = "weather-broken@2x.png"; sourceTree = "<group>"; };
		E7DC679E1B457C0E00EA6543 /* weather-clear.png */ = {isa = PBXFileReference; lastKnownFileType = image.png; path = "weather-clear.png"; sourceTree = "<group>"; };
		E7DC679F1B457C0E00EA6543 /* weather-clear@2x.png */ = {isa = PBXFileReference; lastKnownFileType = image.png; path = "weather-clear@2x.png"; sourceTree = "<group>"; };
		E7DC67A01B457C0E00EA6543 /* weather-few-night.png */ = {isa = PBXFileReference; lastKnownFileType = image.png; path = "weather-few-night.png"; sourceTree = "<group>"; };
		E7DC67A11B457C0E00EA6543 /* weather-few-night@2x.png */ = {isa = PBXFileReference; lastKnownFileType = image.png; path = "weather-few-night@2x.png"; sourceTree = "<group>"; };
		E7DC67A21B457C0E00EA6543 /* weather-few.png */ = {isa = PBXFileReference; lastKnownFileType = image.png; path = "weather-few.png"; sourceTree = "<group>"; };
		E7DC67A31B457C0E00EA6543 /* weather-few@2x.png */ = {isa = PBXFileReference; lastKnownFileType = image.png; path = "weather-few@2x.png"; sourceTree = "<group>"; };
		E7DC67A41B457C0E00EA6543 /* weather-mist.png */ = {isa = PBXFileReference; lastKnownFileType = image.png; path = "weather-mist.png"; sourceTree = "<group>"; };
		E7DC67A51B457C0E00EA6543 /* weather-mist@2x.png */ = {isa = PBXFileReference; lastKnownFileType = image.png; path = "weather-mist@2x.png"; sourceTree = "<group>"; };
		E7DC67A61B457C0E00EA6543 /* weather-moon.png */ = {isa = PBXFileReference; lastKnownFileType = image.png; path = "weather-moon.png"; sourceTree = "<group>"; };
		E7DC67A71B457C0E00EA6543 /* weather-moon@2x.png */ = {isa = PBXFileReference; lastKnownFileType = image.png; path = "weather-moon@2x.png"; sourceTree = "<group>"; };
		E7DC67A81B457C0E00EA6543 /* weather-rain-night.png */ = {isa = PBXFileReference; lastKnownFileType = image.png; path = "weather-rain-night.png"; sourceTree = "<group>"; };
		E7DC67A91B457C0E00EA6543 /* weather-rain-night@2x.png */ = {isa = PBXFileReference; lastKnownFileType = image.png; path = "weather-rain-night@2x.png"; sourceTree = "<group>"; };
		E7DC67AA1B457C0E00EA6543 /* weather-rain.png */ = {isa = PBXFileReference; lastKnownFileType = image.png; path = "weather-rain.png"; sourceTree = "<group>"; };
		E7DC67AB1B457C0E00EA6543 /* weather-rain@2x.png */ = {isa = PBXFileReference; lastKnownFileType = image.png; path = "weather-rain@2x.png"; sourceTree = "<group>"; };
		E7DC67AC1B457C0E00EA6543 /* weather-scattered.png */ = {isa = PBXFileReference; lastKnownFileType = image.png; path = "weather-scattered.png"; sourceTree = "<group>"; };
		E7DC67AD1B457C0E00EA6543 /* weather-scattered@2x.png */ = {isa = PBXFileReference; lastKnownFileType = image.png; path = "weather-scattered@2x.png"; sourceTree = "<group>"; };
		E7DC67AE1B457C0E00EA6543 /* weather-shower.png */ = {isa = PBXFileReference; lastKnownFileType = image.png; path = "weather-shower.png"; sourceTree = "<group>"; };
		E7DC67AF1B457C0E00EA6543 /* weather-shower@2x.png */ = {isa = PBXFileReference; lastKnownFileType = image.png; path = "weather-shower@2x.png"; sourceTree = "<group>"; };
		E7DC67B01B457C0E00EA6543 /* weather-snow.png */ = {isa = PBXFileReference; lastKnownFileType = image.png; path = "weather-snow.png"; sourceTree = "<group>"; };
		E7DC67B11B457C0E00EA6543 /* weather-snow@2x.png */ = {isa = PBXFileReference; lastKnownFileType = image.png; path = "weather-snow@2x.png"; sourceTree = "<group>"; };
		E7DC67B21B457C0E00EA6543 /* weather-tstorm.png */ = {isa = PBXFileReference; lastKnownFileType = image.png; path = "weather-tstorm.png"; sourceTree = "<group>"; };
		E7DC67B31B457C0E00EA6543 /* weather-tstorm@2x.png */ = {isa = PBXFileReference; lastKnownFileType = image.png; path = "weather-tstorm@2x.png"; sourceTree = "<group>"; };
		E7DC67CC1B457CD400EA6543 /* day.png */ = {isa = PBXFileReference; lastKnownFileType = image.png; path = day.png; sourceTree = "<group>"; };
		E7DC67CD1B457CD400EA6543 /* night.png */ = {isa = PBXFileReference; lastKnownFileType = image.png; path = night.png; sourceTree = "<group>"; };
		E7E08E021B4E4D9700153E9A /* ClimaSettingsViewController.swift */ = {isa = PBXFileReference; fileEncoding = 4; lastKnownFileType = sourcecode.swift; path = ClimaSettingsViewController.swift; sourceTree = "<group>"; };
		E7E08E031B4E4D9700153E9A /* ClimaSettingsViewController.xib */ = {isa = PBXFileReference; fileEncoding = 4; lastKnownFileType = file.xib; path = ClimaSettingsViewController.xib; sourceTree = "<group>"; };
		E7E149BA1B3AAF7F005FD41D /* Tahoma.ttf */ = {isa = PBXFileReference; lastKnownFileType = file; path = Tahoma.ttf; sourceTree = "<group>"; };
		E7E1A81B1B3804D0008D8713 /* AVFoundation.framework */ = {isa = PBXFileReference; lastKnownFileType = wrapper.framework; name = AVFoundation.framework; path = System/Library/Frameworks/AVFoundation.framework; sourceTree = SDKROOT; };
		E7E1A81D1B3804DA008D8713 /* AudioToolbox.framework */ = {isa = PBXFileReference; lastKnownFileType = wrapper.framework; name = AudioToolbox.framework; path = System/Library/Frameworks/AudioToolbox.framework; sourceTree = SDKROOT; };
		E7E1A8201B3804F1008D8713 /* AcousticModelEnglish.bundle */ = {isa = PBXFileReference; lastKnownFileType = "wrapper.plug-in"; path = AcousticModelEnglish.bundle; sourceTree = "<group>"; };
		E7E1A8211B3804F1008D8713 /* AcousticModelSpanish.bundle */ = {isa = PBXFileReference; lastKnownFileType = "wrapper.plug-in"; path = AcousticModelSpanish.bundle; sourceTree = "<group>"; };
		E7E1A8221B3804F1008D8713 /* OpenEars.framework */ = {isa = PBXFileReference; lastKnownFileType = wrapper.framework; path = OpenEars.framework; sourceTree = "<group>"; };
		E7E1A8231B3804F1008D8713 /* Slt.framework */ = {isa = PBXFileReference; lastKnownFileType = wrapper.framework; path = Slt.framework; sourceTree = "<group>"; };
		E7E242111B68B35400CEAB9A /* CellParametarVC.swift */ = {isa = PBXFileReference; fileEncoding = 4; lastKnownFileType = sourcecode.swift; path = CellParametarVC.swift; sourceTree = "<group>"; };
		E7E242121B68B35400CEAB9A /* CellParametarVC.xib */ = {isa = PBXFileReference; fileEncoding = 4; lastKnownFileType = file.xib; path = CellParametarVC.xib; sourceTree = "<group>"; };
		E7EBA7651B57B321003D023E /* SystemConfiguration.framework */ = {isa = PBXFileReference; lastKnownFileType = wrapper.framework; name = SystemConfiguration.framework; path = System/Library/Frameworks/SystemConfiguration.framework; sourceTree = SDKROOT; };
		E7F15B021B8F27840025082D /* SceneGalleryVC.swift */ = {isa = PBXFileReference; fileEncoding = 4; lastKnownFileType = sourcecode.swift; path = SceneGalleryVC.swift; sourceTree = "<group>"; };
		E7F15B031B8F27840025082D /* SceneGalleryVC.xib */ = {isa = PBXFileReference; fileEncoding = 4; lastKnownFileType = file.xib; path = SceneGalleryVC.xib; sourceTree = "<group>"; };
		E7F15B061B8F4B240025082D /* GalleryCollectionViewCell.swift */ = {isa = PBXFileReference; fileEncoding = 4; lastKnownFileType = sourcecode.swift; path = GalleryCollectionViewCell.swift; sourceTree = "<group>"; };
		E7F15B071B8F4B240025082D /* GalleryCollectionViewCell.xib */ = {isa = PBXFileReference; fileEncoding = 4; lastKnownFileType = file.xib; path = GalleryCollectionViewCell.xib; sourceTree = "<group>"; };
		E7F57B081BA7FE5D006B0D71 /* ScanScenesViewController.swift */ = {isa = PBXFileReference; fileEncoding = 4; lastKnownFileType = sourcecode.swift; path = ScanScenesViewController.swift; sourceTree = "<group>"; };
		E7F57B0A1BA80413006B0D71 /* ScanDevicesViewController.swift */ = {isa = PBXFileReference; fileEncoding = 4; lastKnownFileType = sourcecode.swift; path = ScanDevicesViewController.swift; sourceTree = "<group>"; };
		E7F57B0C1BA847D8006B0D71 /* ScanSequencesesViewController.swift */ = {isa = PBXFileReference; fileEncoding = 4; lastKnownFileType = sourcecode.swift; path = ScanSequencesesViewController.swift; sourceTree = "<group>"; };
		E7F57B0E1BA847F8006B0D71 /* ScanEventsViewController.swift */ = {isa = PBXFileReference; fileEncoding = 4; lastKnownFileType = sourcecode.swift; path = ScanEventsViewController.swift; sourceTree = "<group>"; };
		E7FB6A1F1B9D95D50016246B /* CameraVC.swift */ = {isa = PBXFileReference; fileEncoding = 4; lastKnownFileType = sourcecode.swift; path = CameraVC.swift; sourceTree = "<group>"; };
		E7FB6A201B9D95D50016246B /* CameraVC.xib */ = {isa = PBXFileReference; fileEncoding = 4; lastKnownFileType = file.xib; path = CameraVC.xib; sourceTree = "<group>"; };
		F11FF07D3FA9EC191F84026C /* Pods.debug.xcconfig */ = {isa = PBXFileReference; includeInIndex = 1; lastKnownFileType = text.xcconfig; name = Pods.debug.xcconfig; path = "Pods/Target Support Files/Pods/Pods.debug.xcconfig"; sourceTree = "<group>"; };
/* End PBXFileReference section */

/* Begin PBXFrameworksBuildPhase section */
		73E206A31B2EEFFE0008B002 /* Frameworks */ = {
			isa = PBXFrameworksBuildPhase;
			buildActionMask = 2147483647;
			files = (
				E7EBA7661B57B321003D023E /* SystemConfiguration.framework in Frameworks */,
				E7E1A8271B3804F1008D8713 /* Slt.framework in Frameworks */,
				E7E1A81E1B3804DA008D8713 /* AudioToolbox.framework in Frameworks */,
				E7E1A81C1B3804D0008D8713 /* AVFoundation.framework in Frameworks */,
				E7E1A8261B3804F1008D8713 /* OpenEars.framework in Frameworks */,
				3F277F957EC64F51D01216DB /* libPods.a in Frameworks */,
			);
			runOnlyForDeploymentPostprocessing = 0;
		};
		73E206BB1B2EEFFE0008B002 /* Frameworks */ = {
			isa = PBXFrameworksBuildPhase;
			buildActionMask = 2147483647;
			files = (
			);
			runOnlyForDeploymentPostprocessing = 0;
		};
/* End PBXFrameworksBuildPhase section */

/* Begin PBXGroup section */
		1260BDFADEC99AA517D36460 /* Pods */ = {
			isa = PBXGroup;
			children = (
				F11FF07D3FA9EC191F84026C /* Pods.debug.xcconfig */,
				170E75200A22D49DA5CAC1EC /* Pods.release.xcconfig */,
			);
			name = Pods;
			sourceTree = "<group>";
		};
		1B233F1151142CED73C3C4C8 /* Frameworks */ = {
			isa = PBXGroup;
			children = (
				E7EBA7651B57B321003D023E /* SystemConfiguration.framework */,
				E3AFD136AEC4526FF7C887E1 /* libPods.a */,
			);
			name = Frameworks;
			sourceTree = "<group>";
		};
		733C15701B5A825400554FD1 /* Device info and settings */ = {
			isa = PBXGroup;
			children = (
				73E427B91B4D0B870083A747 /* DeviceInfo.swift */,
				736A5B261B5A678F008FD745 /* HashTable.swift */,
				73D6A98F1B5FF2CD003388B7 /* TestSocket.swift */,
			);
			name = "Device info and settings";
			sourceTree = "<group>";
		};
		736265DD1B4A47FE0078C11D /* API ili tako nesto */ = {
			isa = PBXGroup;
			children = (
				73E2390E1B97145D00CB38ED /* NSMOM */,
				733C15701B5A825400554FD1 /* Device info and settings */,
				73E485221B60D531007A35AD /* InOutSocket.swift */,
				73E427B51B4D08CE0083A747 /* IncomingHandler.swift */,
				736265E21B4A483E0078C11D /* Function.swift */,
				73B6D94D1B5B92FE00E783DD /* SendingHandler.swift */,
				73ED6AFC1BA0249800E6CE06 /* RepeatSendingHandler.swift */,
				73556C811BB02C6600428375 /* File.swift */,
			);
			name = "API ili tako nesto";
			sourceTree = "<group>";
		};
		738BFD001B9EF077005D183F /* Zone and Category */ = {
			isa = PBXGroup;
			children = (
				738BFD051B9EF79F005D183F /* DataImporter.swift */,
			);
			name = "Zone and Category";
			sourceTree = "<group>";
		};
		73BD1EBE1B4E655700AA5B28 /* Other */ = {
			isa = PBXGroup;
			children = (
				73E2C9F81B5E25570048C072 /* ViewControllerUtils.swift */,
				E75163F01B4C089300457BED /* Widget */,
				E7D9FFE51B3BE07900FC2C3B /* LXReorderableCollectionViewFlowLayout */,
			);
			name = Other;
			sourceTree = "<group>";
		};
		73D8B2821B51070E006B7101 /* Other */ = {
			isa = PBXGroup;
			children = (
			);
			name = Other;
			sourceTree = "<group>";
		};
		73DEA21F1B32CE67007836B4 /* ViewControllers */ = {
			isa = PBXGroup;
			children = (
				73D8B2821B51070E006B7101 /* Other */,
				73DEA2201B32CE9F007836B4 /* Main ViewControllers */,
				E7E08E011B4E4D5400153E9A /* Devices */,
				E739739E1B43E62E0077E984 /* Settings */,
				73E9C27E1B31759800E3FEE3 /* CommonViewController.swift */,
				736F17DF1B3AF3E9003A6A02 /* DashboardViewController.swift */,
				73DB849E1B30116D000DB4EB /* ScenesViewController.swift */,
				736F17D11B3AE840003A6A02 /* EventsViewController.swift */,
				736F17D31B3AE850003A6A02 /* SequencesViewController.swift */,
				736F17D51B3AE85F003A6A02 /* TimersViewController.swift */,
				73DB84A81B3013CB000DB4EB /* SecurityViewController.swift */,
				736F17D71B3AE870003A6A02 /* FlagsViewController.swift */,
				736F17D91B3AE87E003A6A02 /* ChatViewController.swift */,
				E7FB6A1A1B9D95370016246B /* Surveillence */,
				736F17DD1B3AE8A3003A6A02 /* EnergyViewController.swift */,
				73DB84A01B301184000DB4EB /* NFCViewController.swift */,
				73DB84A41B301399000DB4EB /* CameraViewController.swift */,
			);
			name = ViewControllers;
			sourceTree = "<group>";
		};
		73DEA2201B32CE9F007836B4 /* Main ViewControllers */ = {
			isa = PBXGroup;
			children = (
				73DB8B901B2FF87600139E58 /* Menu.swift */,
				73DB8B921B2FF8A400139E58 /* ContainerViewController.swift */,
				73DB8B961B2FFA4D00139E58 /* SidePanelViewController.swift */,
				73DB8B941B2FF98700139E58 /* CenterViewController.swift */,
			);
			name = "Main ViewControllers";
			sourceTree = "<group>";
		};
		73E2069D1B2EEFFE0008B002 = {
			isa = PBXGroup;
			children = (
				73E206A81B2EEFFE0008B002 /* e-Homegreen */,
				73E206C11B2EEFFE0008B002 /* e-HomegreenTests */,
				73E206A71B2EEFFE0008B002 /* Products */,
				1260BDFADEC99AA517D36460 /* Pods */,
				1B233F1151142CED73C3C4C8 /* Frameworks */,
			);
			sourceTree = "<group>";
		};
		73E206A71B2EEFFE0008B002 /* Products */ = {
			isa = PBXGroup;
			children = (
				73E206A61B2EEFFE0008B002 /* e-Homegreen.app */,
				73E206BE1B2EEFFE0008B002 /* e-HomegreenTests.xctest */,
			);
			name = Products;
			sourceTree = "<group>";
		};
		73E206A81B2EEFFE0008B002 /* e-Homegreen */ = {
			isa = PBXGroup;
			children = (
				736265DD1B4A47FE0078C11D /* API ili tako nesto */,
				73DEA21F1B32CE67007836B4 /* ViewControllers */,
				73E206AB1B2EEFFE0008B002 /* AppDelegate.swift */,
				73ECD4A21B332A6F00767740 /* Common.swift */,
				E7D9FFE41B3BE02700FC2C3B /* e-Homegreen-Bridging-Header.h */,
				73E206B21B2EEFFE0008B002 /* Main.storyboard */,
				73E206B51B2EEFFE0008B002 /* Images.xcassets */,
				73E206B71B2EEFFE0008B002 /* LaunchScreen.xib */,
				73E28EDD1B6657A80016CD77 /* e_Homegreen.xcdatamodeld */,
				73BD1EBE1B4E655700AA5B28 /* Other */,
				E7E1A81F1B3804F1008D8713 /* Framework */,
				73E206A91B2EEFFE0008B002 /* Supporting Files */,
			);
			path = "e-Homegreen";
			sourceTree = "<group>";
		};
		73E206A91B2EEFFE0008B002 /* Supporting Files */ = {
			isa = PBXGroup;
			children = (
				73E206AA1B2EEFFE0008B002 /* Info.plist */,
			);
			name = "Supporting Files";
			sourceTree = "<group>";
		};
		73E206C11B2EEFFE0008B002 /* e-HomegreenTests */ = {
			isa = PBXGroup;
			children = (
				73E206C41B2EEFFE0008B002 /* e_HomegreenTests.swift */,
				73E206C21B2EEFFE0008B002 /* Supporting Files */,
			);
			path = "e-HomegreenTests";
			sourceTree = "<group>";
		};
		73E206C21B2EEFFE0008B002 /* Supporting Files */ = {
			isa = PBXGroup;
			children = (
				73E206C31B2EEFFE0008B002 /* Info.plist */,
			);
			name = "Supporting Files";
			sourceTree = "<group>";
		};
		73E2390E1B97145D00CB38ED /* NSMOM */ = {
			isa = PBXGroup;
			children = (
				73EF9F2D1BA1A2DC00A9CF35 /* Device.swift */,
				73E231231BA7010D003E41EC /* Scene.swift */,
				73E231211BA7010C003E41EC /* Event.swift */,
				73E231291BA7239E003E41EC /* Sequence.swift */,
				73E75DCF1BA8300800D2B101 /* Zone.swift */,
				73E75DCB1BA8300700D2B101 /* Category.swift */,
				E79A893B1BAD723A00714C64 /* Gateway+CoreDataProperties.swift */,
				E79A893C1BAD723A00714C64 /* Gateway.swift */,
				E79A893D1BAD723A00714C64 /* Timer+CoreDataProperties.swift */,
				E79A893E1BAD723A00714C64 /* Timer.swift */,
				73F461221BB3D2F800B6B650 /* Surveilence+CoreDataProperties.swift */,
				73F461231BB3D2F800B6B650 /* Surveilence.swift */,
				738BFD001B9EF077005D183F /* Zone and Category */,
			);
			name = NSMOM;
			sourceTree = "<group>";
		};
		E739739E1B43E62E0077E984 /* Settings */ = {
			isa = PBXGroup;
			children = (
				E7F57B071BA7FE32006B0D71 /* ScanViewController */,
				E7F15B011B8F26970025082D /* SettingsXIB */,
				73DB84A21B301338000DB4EB /* SettingsViewController.swift */,
				E739739F1B43E65F0077E984 /* MenuSettinsViewController.swift */,
				73DB84A61B3013B2000DB4EB /* DatabaseViewController.swift */,
				73E758F01B4EBE0300ECE061 /* ConnectionsViewController.swift */,
				E75F41681B6641A6005080F1 /* CustomSegue.swift */,
				E75F416A1B664BC3005080F1 /* SegueUnwind.swift */,
				73ED6AFE1BA068B900E6CE06 /* ProgressBarVC.swift */,
				73ED6AFF1BA068B900E6CE06 /* ProgressBarVC.xib */,
				E705159E1BB3DB01009FDA0D /* SurveillanceSettingsViewController.swift */,
			);
			name = Settings;
			sourceTree = "<group>";
		};
		E75163F01B4C089300457BED /* Widget */ = {
			isa = PBXGroup;
			children = (
				E7E149B91B3AAF55005FD41D /* Font */,
				E75B4F761B42B6D700E48454 /* Clock */,
				E75B4FB61B42FA3900E48454 /* Calendar */,
				E7DC679B1B457C0E00EA6543 /* Weather Icons */,
			);
			name = Widget;
			path = ..;
			sourceTree = "<group>";
		};
		E75B4F761B42B6D700E48454 /* Clock */ = {
			isa = PBXGroup;
			children = (
				E75B4F7D1B42CB1100E48454 /* SPClockView.h */,
				E75B4F7E1B42CB1100E48454 /* SPClockView.m */,
			);
			name = Clock;
			sourceTree = "<group>";
		};
		E75B4FB61B42FA3900E48454 /* Calendar */ = {
			isa = PBXGroup;
			children = (
				E75B4FB71B42FC0B00E48454 /* FSCalendar.h */,
				E75B4FB81B42FC0B00E48454 /* FSCalendar.m */,
				E75B4FB91B42FC0B00E48454 /* FSCalendarCell.h */,
				E75B4FBA1B42FC0B00E48454 /* FSCalendarCell.m */,
				E75B4FBB1B42FC0B00E48454 /* FSCalendarHeader.h */,
				E75B4FBC1B42FC0B00E48454 /* FSCalendarHeader.m */,
				E75B4FBD1B42FC0B00E48454 /* NSCalendar+FSExtension.h */,
				E75B4FBE1B42FC0B00E48454 /* NSCalendar+FSExtension.m */,
				E75B4FBF1B42FC0B00E48454 /* NSDate+FSExtension.h */,
				E75B4FC01B42FC0B00E48454 /* NSDate+FSExtension.m */,
				E75B4FC11B42FC0B00E48454 /* UIView+FSExtension.h */,
				E75B4FC21B42FC0B00E48454 /* UIView+FSExtension.m */,
			);
			name = Calendar;
			sourceTree = "<group>";
		};
		E79AEBA91B70A0EB00410E2D /* Device Parametars */ = {
			isa = PBXGroup;
			children = (
				E7E242111B68B35400CEAB9A /* CellParametarVC.swift */,
				E7E242121B68B35400CEAB9A /* CellParametarVC.xib */,
				E79AEBAA1B70AEC300410E2D /* ClimaParametarVC.swift */,
				E79AEBAB1B70AEC300410E2D /* ClimaParametarVC.xib */,
				E79AEBAE1B70B77D00410E2D /* AccessParametarVC.swift */,
				E79AEBAF1B70B77D00410E2D /* AccessParametarVC.xib */,
				E79AEBB21B70BFD500410E2D /* DimmerParametarVC.swift */,
				E79AEBB31B70BFD500410E2D /* DimmerParametarVC.xib */,
				E79AEBB61B70C43300410E2D /* RelayParametarVC.swift */,
				E79AEBB71B70C43300410E2D /* RelayParametarVC.xib */,
				E79AEBBA1B70D1FC00410E2D /* DigitalInput.swift */,
				E79AEBBB1B70D1FC00410E2D /* DigitalInput.xib */,
				73E231151BA6E2C4003E41EC /* EventParametarVC.swift */,
				73E231161BA6E2C4003E41EC /* EventParametarVC.xib */,
				73E231171BA6E2C4003E41EC /* SceneParametarVC.swift */,
				73E231181BA6E2C4003E41EC /* SceneParametarVC.xib */,
				73E231191BA6E2C4003E41EC /* SequenceParametarVC.swift */,
				73E2311A1BA6E2C4003E41EC /* SequenceParametarVC.xib */,
			);
			name = "Device Parametars";
			sourceTree = "<group>";
		};
		E7D9FFE51B3BE07900FC2C3B /* LXReorderableCollectionViewFlowLayout */ = {
			isa = PBXGroup;
			children = (
				E7D9FFE61B3BE07900FC2C3B /* LXReorderableCollectionViewFlowLayout.h */,
				E7D9FFE71B3BE07900FC2C3B /* LXReorderableCollectionViewFlowLayout.m */,
			);
			name = LXReorderableCollectionViewFlowLayout;
			path = ../LXReorderableCollectionViewFlowLayout;
			sourceTree = "<group>";
		};
		E7DC679B1B457C0E00EA6543 /* Weather Icons */ = {
			isa = PBXGroup;
			children = (
				E7DC67CC1B457CD400EA6543 /* day.png */,
				E7DC67CD1B457CD400EA6543 /* night.png */,
				E7DC679C1B457C0E00EA6543 /* weather-broken.png */,
				E7DC679D1B457C0E00EA6543 /* weather-broken@2x.png */,
				E7DC679E1B457C0E00EA6543 /* weather-clear.png */,
				E7DC679F1B457C0E00EA6543 /* weather-clear@2x.png */,
				E7DC67A01B457C0E00EA6543 /* weather-few-night.png */,
				E7DC67A11B457C0E00EA6543 /* weather-few-night@2x.png */,
				E7DC67A21B457C0E00EA6543 /* weather-few.png */,
				E7DC67A31B457C0E00EA6543 /* weather-few@2x.png */,
				E7DC67A41B457C0E00EA6543 /* weather-mist.png */,
				E7DC67A51B457C0E00EA6543 /* weather-mist@2x.png */,
				E7DC67A61B457C0E00EA6543 /* weather-moon.png */,
				E7DC67A71B457C0E00EA6543 /* weather-moon@2x.png */,
				E7DC67A81B457C0E00EA6543 /* weather-rain-night.png */,
				E7DC67A91B457C0E00EA6543 /* weather-rain-night@2x.png */,
				E7DC67AA1B457C0E00EA6543 /* weather-rain.png */,
				E7DC67AB1B457C0E00EA6543 /* weather-rain@2x.png */,
				E7DC67AC1B457C0E00EA6543 /* weather-scattered.png */,
				E7DC67AD1B457C0E00EA6543 /* weather-scattered@2x.png */,
				E7DC67AE1B457C0E00EA6543 /* weather-shower.png */,
				E7DC67AF1B457C0E00EA6543 /* weather-shower@2x.png */,
				E7DC67B01B457C0E00EA6543 /* weather-snow.png */,
				E7DC67B11B457C0E00EA6543 /* weather-snow@2x.png */,
				E7DC67B21B457C0E00EA6543 /* weather-tstorm.png */,
				E7DC67B31B457C0E00EA6543 /* weather-tstorm@2x.png */,
			);
			path = "Weather Icons";
			sourceTree = "<group>";
		};
		E7E08E011B4E4D5400153E9A /* Devices */ = {
			isa = PBXGroup;
			children = (
				E79AEBA91B70A0EB00410E2D /* Device Parametars */,
				73ECD4A01B33189800767740 /* PullDownView.swift */,
				E7D9FFE91B3C2E3D00FC2C3B /* PopOverViewController.swift */,
				73E206D81B2F16720008B002 /* DevicesViewController.swift */,
				E7E08E021B4E4D9700153E9A /* ClimaSettingsViewController.swift */,
				E7E08E031B4E4D9700153E9A /* ClimaSettingsViewController.xib */,
			);
			name = Devices;
			sourceTree = "<group>";
		};
		E7E149B91B3AAF55005FD41D /* Font */ = {
			isa = PBXGroup;
			children = (
				E7E149BA1B3AAF7F005FD41D /* Tahoma.ttf */,
			);
			name = Font;
			sourceTree = "<group>";
		};
		E7E1A81F1B3804F1008D8713 /* Framework */ = {
			isa = PBXGroup;
			children = (
				E7E1A81D1B3804DA008D8713 /* AudioToolbox.framework */,
				E7E1A81B1B3804D0008D8713 /* AVFoundation.framework */,
				E7E1A8201B3804F1008D8713 /* AcousticModelEnglish.bundle */,
				E7E1A8211B3804F1008D8713 /* AcousticModelSpanish.bundle */,
				E7E1A8221B3804F1008D8713 /* OpenEars.framework */,
				E7E1A8231B3804F1008D8713 /* Slt.framework */,
			);
			name = Framework;
			path = ../Framework;
			sourceTree = "<group>";
		};
		E7F15B011B8F26970025082D /* SettingsXIB */ = {
			isa = PBXGroup;
			children = (
				73FAAEAC1B57EE7200754810 /* ConnectionSettingsVC.swift */,
				73FAAEAD1B57EE7200754810 /* ConnectionSettingsVC.xib */,
				E7F15B021B8F27840025082D /* SceneGalleryVC.swift */,
				E7F15B031B8F27840025082D /* SceneGalleryVC.xib */,
				E7F15B061B8F4B240025082D /* GalleryCollectionViewCell.swift */,
				E7F15B071B8F4B240025082D /* GalleryCollectionViewCell.xib */,
				E70515A01BB3E147009FDA0D /* SurveillanceSettingsVC.swift */,
				E70515A11BB3E147009FDA0D /* SurveillanceSettingsVC.xib */,
			);
			name = SettingsXIB;
			sourceTree = "<group>";
		};
		E7F57B071BA7FE32006B0D71 /* ScanViewController */ = {
			isa = PBXGroup;
			children = (
				E75F41661B662ED1005080F1 /* ScanViewController.swift */,
				E7F57B0A1BA80413006B0D71 /* ScanDevicesViewController.swift */,
				E7F57B081BA7FE5D006B0D71 /* ScanScenesViewController.swift */,
				E7F57B0C1BA847D8006B0D71 /* ScanSequencesesViewController.swift */,
				E7F57B0E1BA847F8006B0D71 /* ScanEventsViewController.swift */,
				E79A89251BAD6D6000714C64 /* ScanTimerViewController.swift */,
				73F1F08E1BAD5BD7005C63AB /* ImportZoneViewController.swift */,
				73F1F0901BAD5BF1005C63AB /* ImportCategoryViewController.swift */,
				E77E59451BB2C9070004D263 /* ImportFilesViewController.swift */,
				E77E59461BB2C9070004D263 /* ImportFilesViewController.xib */,
			);
			name = ScanViewController;
			sourceTree = "<group>";
		};
		E7FB6A1A1B9D95370016246B /* Surveillence */ = {
			isa = PBXGroup;
			children = (
				736F17DB1B3AE894003A6A02 /* SurveillenceViewController.swift */,
				E7FB6A1F1B9D95D50016246B /* CameraVC.swift */,
				E7FB6A201B9D95D50016246B /* CameraVC.xib */,
			);
			name = Surveillence;
			sourceTree = "<group>";
		};
/* End PBXGroup section */

/* Begin PBXNativeTarget section */
		73E206A51B2EEFFE0008B002 /* e-Homegreen */ = {
			isa = PBXNativeTarget;
			buildConfigurationList = 73E206C81B2EEFFE0008B002 /* Build configuration list for PBXNativeTarget "e-Homegreen" */;
			buildPhases = (
				5603B487606C87AEBF0BCB0F /* Check Pods Manifest.lock */,
				73E206A21B2EEFFE0008B002 /* Sources */,
				73E206A31B2EEFFE0008B002 /* Frameworks */,
				73E206A41B2EEFFE0008B002 /* Resources */,
				61CF29D58FA6CAEEEB17227B /* Copy Pods Resources */,
			);
			buildRules = (
			);
			dependencies = (
			);
			name = "e-Homegreen";
			productName = "e-Homegreen";
			productReference = 73E206A61B2EEFFE0008B002 /* e-Homegreen.app */;
			productType = "com.apple.product-type.application";
		};
		73E206BD1B2EEFFE0008B002 /* e-HomegreenTests */ = {
			isa = PBXNativeTarget;
			buildConfigurationList = 73E206CB1B2EEFFE0008B002 /* Build configuration list for PBXNativeTarget "e-HomegreenTests" */;
			buildPhases = (
				73E206BA1B2EEFFE0008B002 /* Sources */,
				73E206BB1B2EEFFE0008B002 /* Frameworks */,
				73E206BC1B2EEFFE0008B002 /* Resources */,
			);
			buildRules = (
			);
			dependencies = (
				73E206C01B2EEFFE0008B002 /* PBXTargetDependency */,
			);
			name = "e-HomegreenTests";
			productName = "e-HomegreenTests";
			productReference = 73E206BE1B2EEFFE0008B002 /* e-HomegreenTests.xctest */;
			productType = "com.apple.product-type.bundle.unit-test";
		};
/* End PBXNativeTarget section */

/* Begin PBXProject section */
		73E2069E1B2EEFFE0008B002 /* Project object */ = {
			isa = PBXProject;
			attributes = {
				LastSwiftMigration = 0700;
				LastSwiftUpdateCheck = 0700;
				LastUpgradeCheck = 0700;
				ORGANIZATIONNAME = "Teodor Stevic";
				TargetAttributes = {
					73E206A51B2EEFFE0008B002 = {
						CreatedOnToolsVersion = 6.3.2;
						DevelopmentTeam = 2JR589G8SK;
					};
					73E206BD1B2EEFFE0008B002 = {
						CreatedOnToolsVersion = 6.3.2;
						TestTargetID = 73E206A51B2EEFFE0008B002;
					};
				};
			};
			buildConfigurationList = 73E206A11B2EEFFE0008B002 /* Build configuration list for PBXProject "e-Homegreen" */;
			compatibilityVersion = "Xcode 3.2";
			developmentRegion = English;
			hasScannedForEncodings = 0;
			knownRegions = (
				en,
				Base,
			);
			mainGroup = 73E2069D1B2EEFFE0008B002;
			productRefGroup = 73E206A71B2EEFFE0008B002 /* Products */;
			projectDirPath = "";
			projectRoot = "";
			targets = (
				73E206A51B2EEFFE0008B002 /* e-Homegreen */,
				73E206BD1B2EEFFE0008B002 /* e-HomegreenTests */,
			);
		};
/* End PBXProject section */

/* Begin PBXResourcesBuildPhase section */
		73E206A41B2EEFFE0008B002 /* Resources */ = {
			isa = PBXResourcesBuildPhase;
			buildActionMask = 2147483647;
			files = (
				E7DC67C91B457C0E00EA6543 /* weather-snow@2x.png in Resources */,
				73ED6B011BA068B900E6CE06 /* ProgressBarVC.xib in Resources */,
				E7DC67C11B457C0E00EA6543 /* weather-rain-night@2x.png in Resources */,
				E7DC67C51B457C0E00EA6543 /* weather-scattered@2x.png in Resources */,
				E7DC67B51B457C0E00EA6543 /* weather-broken@2x.png in Resources */,
				E7DC67B41B457C0E00EA6543 /* weather-broken.png in Resources */,
				E7DC67B81B457C0E00EA6543 /* weather-few-night.png in Resources */,
				E7E242141B68B35400CEAB9A /* CellParametarVC.xib in Resources */,
				73FAAEAF1B57EE7200754810 /* ConnectionSettingsVC.xib in Resources */,
				E7E149BB1B3AAF7F005FD41D /* Tahoma.ttf in Resources */,
				E7DC67CA1B457C0E00EA6543 /* weather-tstorm.png in Resources */,
				E7DC67C21B457C0E00EA6543 /* weather-rain.png in Resources */,
				E7DC67C41B457C0E00EA6543 /* weather-scattered.png in Resources */,
				E7DC67BA1B457C0E00EA6543 /* weather-few.png in Resources */,
				73E206B41B2EEFFE0008B002 /* Main.storyboard in Resources */,
				E79AEBBD1B70D1FC00410E2D /* DigitalInput.xib in Resources */,
				E7DC67CB1B457C0E00EA6543 /* weather-tstorm@2x.png in Resources */,
				73E2311E1BA6E2C4003E41EC /* SceneParametarVC.xib in Resources */,
				E7DC67BF1B457C0E00EA6543 /* weather-moon@2x.png in Resources */,
				E7DC67B61B457C0E00EA6543 /* weather-clear.png in Resources */,
				E7DC67BC1B457C0E00EA6543 /* weather-mist.png in Resources */,
				E7DC67C61B457C0E00EA6543 /* weather-shower.png in Resources */,
				E7DC67C31B457C0E00EA6543 /* weather-rain@2x.png in Resources */,
				E7DC67C81B457C0E00EA6543 /* weather-snow.png in Resources */,
				E70515A31BB3E147009FDA0D /* SurveillanceSettingsVC.xib in Resources */,
				E79AEBAD1B70AEC300410E2D /* ClimaParametarVC.xib in Resources */,
				E7F15B051B8F27840025082D /* SceneGalleryVC.xib in Resources */,
				E7E1A8251B3804F1008D8713 /* AcousticModelSpanish.bundle in Resources */,
				E77E59481BB2C9070004D263 /* ImportFilesViewController.xib in Resources */,
				73E2311C1BA6E2C4003E41EC /* EventParametarVC.xib in Resources */,
				E7DC67BB1B457C0E00EA6543 /* weather-few@2x.png in Resources */,
				E7DC67BD1B457C0E00EA6543 /* weather-mist@2x.png in Resources */,
				E7DC67CF1B457CD400EA6543 /* night.png in Resources */,
				E7E1A8241B3804F1008D8713 /* AcousticModelEnglish.bundle in Resources */,
				E7DC67CE1B457CD400EA6543 /* day.png in Resources */,
				E7FB6A221B9D95D50016246B /* CameraVC.xib in Resources */,
				73E206B91B2EEFFE0008B002 /* LaunchScreen.xib in Resources */,
				73E206B61B2EEFFE0008B002 /* Images.xcassets in Resources */,
				E7DC67B71B457C0E00EA6543 /* weather-clear@2x.png in Resources */,
				E79AEBB91B70C43300410E2D /* RelayParametarVC.xib in Resources */,
				73E231201BA6E2C4003E41EC /* SequenceParametarVC.xib in Resources */,
				E7DC67BE1B457C0E00EA6543 /* weather-moon.png in Resources */,
				E7DC67C71B457C0E00EA6543 /* weather-shower@2x.png in Resources */,
				E79AEBB51B70BFD500410E2D /* DimmerParametarVC.xib in Resources */,
				E79AEBB11B70B77D00410E2D /* AccessParametarVC.xib in Resources */,
				E7DC67C01B457C0E00EA6543 /* weather-rain-night.png in Resources */,
				E7E08E051B4E4D9700153E9A /* ClimaSettingsViewController.xib in Resources */,
				E7DC67B91B457C0E00EA6543 /* weather-few-night@2x.png in Resources */,
				E7F15B091B8F4B240025082D /* GalleryCollectionViewCell.xib in Resources */,
			);
			runOnlyForDeploymentPostprocessing = 0;
		};
		73E206BC1B2EEFFE0008B002 /* Resources */ = {
			isa = PBXResourcesBuildPhase;
			buildActionMask = 2147483647;
			files = (
			);
			runOnlyForDeploymentPostprocessing = 0;
		};
/* End PBXResourcesBuildPhase section */

/* Begin PBXShellScriptBuildPhase section */
		5603B487606C87AEBF0BCB0F /* Check Pods Manifest.lock */ = {
			isa = PBXShellScriptBuildPhase;
			buildActionMask = 2147483647;
			files = (
			);
			inputPaths = (
			);
			name = "Check Pods Manifest.lock";
			outputPaths = (
			);
			runOnlyForDeploymentPostprocessing = 0;
			shellPath = /bin/sh;
			shellScript = "diff \"${PODS_ROOT}/../Podfile.lock\" \"${PODS_ROOT}/Manifest.lock\" > /dev/null\nif [[ $? != 0 ]] ; then\n    cat << EOM\nerror: The sandbox is not in sync with the Podfile.lock. Run 'pod install' or update your CocoaPods installation.\nEOM\n    exit 1\nfi\n";
			showEnvVarsInLog = 0;
		};
		61CF29D58FA6CAEEEB17227B /* Copy Pods Resources */ = {
			isa = PBXShellScriptBuildPhase;
			buildActionMask = 2147483647;
			files = (
			);
			inputPaths = (
			);
			name = "Copy Pods Resources";
			outputPaths = (
			);
			runOnlyForDeploymentPostprocessing = 0;
			shellPath = /bin/sh;
			shellScript = "\"${SRCROOT}/Pods/Target Support Files/Pods/Pods-resources.sh\"\n";
			showEnvVarsInLog = 0;
		};
/* End PBXShellScriptBuildPhase section */

/* Begin PBXSourcesBuildPhase section */
		73E206A21B2EEFFE0008B002 /* Sources */ = {
			isa = PBXSourcesBuildPhase;
			buildActionMask = 2147483647;
			files = (
				E7D9FFE81B3BE07900FC2C3B /* LXReorderableCollectionViewFlowLayout.m in Sources */,
				73E427BA1B4D0B870083A747 /* DeviceInfo.swift in Sources */,
				73ECD4A31B332A6F00767740 /* Common.swift in Sources */,
				E77E59471BB2C9070004D263 /* ImportFilesViewController.swift in Sources */,
				73DB849F1B30116D000DB4EB /* ScenesViewController.swift in Sources */,
				E79A89401BAD723A00714C64 /* Gateway.swift in Sources */,
				E79A893F1BAD723A00714C64 /* Gateway+CoreDataProperties.swift in Sources */,
				E7E08E041B4E4D9700153E9A /* ClimaSettingsViewController.swift in Sources */,
				E79A89261BAD6D6000714C64 /* ScanTimerViewController.swift in Sources */,
				E75B4FC41B42FC0B00E48454 /* FSCalendarCell.m in Sources */,
				736F17DA1B3AE87E003A6A02 /* ChatViewController.swift in Sources */,
				738BFD061B9EF79F005D183F /* DataImporter.swift in Sources */,
				73E206D91B2F16720008B002 /* DevicesViewController.swift in Sources */,
				E79AEBB41B70BFD500410E2D /* DimmerParametarVC.swift in Sources */,
				736F17D41B3AE850003A6A02 /* SequencesViewController.swift in Sources */,
				73E28EDF1B6657A80016CD77 /* e_Homegreen.xcdatamodeld in Sources */,
				73ED6AFD1BA0249800E6CE06 /* RepeatSendingHandler.swift in Sources */,
				E75B4FC51B42FC0B00E48454 /* FSCalendarHeader.m in Sources */,
				73E427B61B4D08CE0083A747 /* IncomingHandler.swift in Sources */,
				E75F41691B6641A7005080F1 /* CustomSegue.swift in Sources */,
				73FAAEAE1B57EE7200754810 /* ConnectionSettingsVC.swift in Sources */,
				E7E242131B68B35400CEAB9A /* CellParametarVC.swift in Sources */,
				73E2312A1BA7239E003E41EC /* Sequence.swift in Sources */,
				E79A89411BAD723A00714C64 /* Timer+CoreDataProperties.swift in Sources */,
				E79A89421BAD723A00714C64 /* Timer.swift in Sources */,
				E73973A01B43E65F0077E984 /* MenuSettinsViewController.swift in Sources */,
				73E75DCC1BA8300700D2B101 /* Category.swift in Sources */,
				73F1F08F1BAD5BD7005C63AB /* ImportZoneViewController.swift in Sources */,
				73DB8B931B2FF8A400139E58 /* ContainerViewController.swift in Sources */,
				E7F57B0B1BA80413006B0D71 /* ScanDevicesViewController.swift in Sources */,
				73DB84A51B301399000DB4EB /* CameraViewController.swift in Sources */,
				E79AEBB01B70B77D00410E2D /* AccessParametarVC.swift in Sources */,
				E7D9FFEA1B3C2E3D00FC2C3B /* PopOverViewController.swift in Sources */,
				73E485231B60D531007A35AD /* InOutSocket.swift in Sources */,
				E79AEBBC1B70D1FC00410E2D /* DigitalInput.swift in Sources */,
				E75B4FC81B42FC0B00E48454 /* UIView+FSExtension.m in Sources */,
				E70515A21BB3E147009FDA0D /* SurveillanceSettingsVC.swift in Sources */,
				736F17E01B3AF3E9003A6A02 /* DashboardViewController.swift in Sources */,
				73F461251BB3D2F800B6B650 /* Surveilence.swift in Sources */,
				E705159F1BB3DB02009FDA0D /* SurveillanceSettingsViewController.swift in Sources */,
				73ED6B001BA068B900E6CE06 /* ProgressBarVC.swift in Sources */,
				73DB84A11B301184000DB4EB /* NFCViewController.swift in Sources */,
				73E231241BA7010D003E41EC /* Scene.swift in Sources */,
				73DB8B971B2FFA4D00139E58 /* SidePanelViewController.swift in Sources */,
				736F17D61B3AE85F003A6A02 /* TimersViewController.swift in Sources */,
				73E758F11B4EBE0300ECE061 /* ConnectionsViewController.swift in Sources */,
				73EF9F2E1BA1A2DC00A9CF35 /* Device.swift in Sources */,
				73556C821BB02C6600428375 /* File.swift in Sources */,
				E75B4FC71B42FC0B00E48454 /* NSDate+FSExtension.m in Sources */,
				736265E31B4A483E0078C11D /* Function.swift in Sources */,
				E7FB6A211B9D95D50016246B /* CameraVC.swift in Sources */,
				E7F57B0D1BA847D8006B0D71 /* ScanSequencesesViewController.swift in Sources */,
				73DB8B911B2FF87600139E58 /* Menu.swift in Sources */,
				73D6A9901B5FF2CD003388B7 /* TestSocket.swift in Sources */,
				E7F57B091BA7FE5D006B0D71 /* ScanScenesViewController.swift in Sources */,
				73DB84A91B3013CB000DB4EB /* SecurityViewController.swift in Sources */,
				73DB8B951B2FF98700139E58 /* CenterViewController.swift in Sources */,
				73E2C9F91B5E25570048C072 /* ViewControllerUtils.swift in Sources */,
				73E2311B1BA6E2C4003E41EC /* EventParametarVC.swift in Sources */,
				736F17DE1B3AE8A3003A6A02 /* EnergyViewController.swift in Sources */,
				E79AEBAC1B70AEC300410E2D /* ClimaParametarVC.swift in Sources */,
				73DB84A71B3013B2000DB4EB /* DatabaseViewController.swift in Sources */,
				73E9C27F1B31759800E3FEE3 /* CommonViewController.swift in Sources */,
				E7F15B041B8F27840025082D /* SceneGalleryVC.swift in Sources */,
				73B6D94E1B5B92FE00E783DD /* SendingHandler.swift in Sources */,
				73F461241BB3D2F800B6B650 /* Surveilence+CoreDataProperties.swift in Sources */,
				E7F15B081B8F4B240025082D /* GalleryCollectionViewCell.swift in Sources */,
				E75B4FC61B42FC0B00E48454 /* NSCalendar+FSExtension.m in Sources */,
				73E2311F1BA6E2C4003E41EC /* SequenceParametarVC.swift in Sources */,
				73E75DD01BA8300800D2B101 /* Zone.swift in Sources */,
				73E206AC1B2EEFFE0008B002 /* AppDelegate.swift in Sources */,
				73F1F0911BAD5BF1005C63AB /* ImportCategoryViewController.swift in Sources */,
				73ECD4A11B33189800767740 /* PullDownView.swift in Sources */,
				E75B4FC31B42FC0B00E48454 /* FSCalendar.m in Sources */,
				73DB84A31B301338000DB4EB /* SettingsViewController.swift in Sources */,
				736A5B271B5A678F008FD745 /* HashTable.swift in Sources */,
				E75F416B1B664BC3005080F1 /* SegueUnwind.swift in Sources */,
				73E231221BA7010C003E41EC /* Event.swift in Sources */,
				736F17DC1B3AE894003A6A02 /* SurveillenceViewController.swift in Sources */,
				E75B4F7F1B42CB1100E48454 /* SPClockView.m in Sources */,
				736F17D81B3AE870003A6A02 /* FlagsViewController.swift in Sources */,
				73E2311D1BA6E2C4003E41EC /* SceneParametarVC.swift in Sources */,
				736F17D21B3AE840003A6A02 /* EventsViewController.swift in Sources */,
				E79AEBB81B70C43300410E2D /* RelayParametarVC.swift in Sources */,
				E7F57B0F1BA847F8006B0D71 /* ScanEventsViewController.swift in Sources */,
				E75F41671B662ED1005080F1 /* ScanViewController.swift in Sources */,
			);
			runOnlyForDeploymentPostprocessing = 0;
		};
		73E206BA1B2EEFFE0008B002 /* Sources */ = {
			isa = PBXSourcesBuildPhase;
			buildActionMask = 2147483647;
			files = (
				73E206C51B2EEFFE0008B002 /* e_HomegreenTests.swift in Sources */,
			);
			runOnlyForDeploymentPostprocessing = 0;
		};
/* End PBXSourcesBuildPhase section */

/* Begin PBXTargetDependency section */
		73E206C01B2EEFFE0008B002 /* PBXTargetDependency */ = {
			isa = PBXTargetDependency;
			target = 73E206A51B2EEFFE0008B002 /* e-Homegreen */;
			targetProxy = 73E206BF1B2EEFFE0008B002 /* PBXContainerItemProxy */;
		};
/* End PBXTargetDependency section */

/* Begin PBXVariantGroup section */
		73E206B21B2EEFFE0008B002 /* Main.storyboard */ = {
			isa = PBXVariantGroup;
			children = (
				73E206B31B2EEFFE0008B002 /* Base */,
			);
			name = Main.storyboard;
			sourceTree = "<group>";
		};
		73E206B71B2EEFFE0008B002 /* LaunchScreen.xib */ = {
			isa = PBXVariantGroup;
			children = (
				73E206B81B2EEFFE0008B002 /* Base */,
			);
			name = LaunchScreen.xib;
			sourceTree = "<group>";
		};
/* End PBXVariantGroup section */

/* Begin XCBuildConfiguration section */
		73E206C61B2EEFFE0008B002 /* Debug */ = {
			isa = XCBuildConfiguration;
			buildSettings = {
				ALWAYS_SEARCH_USER_PATHS = NO;
				CLANG_CXX_LANGUAGE_STANDARD = "gnu++0x";
				CLANG_CXX_LIBRARY = "libc++";
				CLANG_ENABLE_MODULES = YES;
				CLANG_ENABLE_OBJC_ARC = YES;
				CLANG_WARN_BOOL_CONVERSION = YES;
				CLANG_WARN_CONSTANT_CONVERSION = YES;
				CLANG_WARN_DIRECT_OBJC_ISA_USAGE = YES_ERROR;
				CLANG_WARN_EMPTY_BODY = YES;
				CLANG_WARN_ENUM_CONVERSION = YES;
				CLANG_WARN_INT_CONVERSION = YES;
				CLANG_WARN_OBJC_ROOT_CLASS = YES_ERROR;
				CLANG_WARN_UNREACHABLE_CODE = YES;
				CLANG_WARN__DUPLICATE_METHOD_MATCH = YES;
				"CODE_SIGN_IDENTITY[sdk=iphoneos*]" = "iPhone Developer";
				COPY_PHASE_STRIP = NO;
				DEBUG_INFORMATION_FORMAT = "dwarf-with-dsym";
				ENABLE_STRICT_OBJC_MSGSEND = YES;
				ENABLE_TESTABILITY = YES;
				GCC_C_LANGUAGE_STANDARD = gnu99;
				GCC_DYNAMIC_NO_PIC = NO;
				GCC_NO_COMMON_BLOCKS = YES;
				GCC_OPTIMIZATION_LEVEL = 0;
				GCC_PREPROCESSOR_DEFINITIONS = (
					"DEBUG=1",
					"$(inherited)",
				);
				GCC_SYMBOLS_PRIVATE_EXTERN = NO;
				GCC_WARN_64_TO_32_BIT_CONVERSION = YES;
				GCC_WARN_ABOUT_RETURN_TYPE = YES_ERROR;
				GCC_WARN_UNDECLARED_SELECTOR = YES;
				GCC_WARN_UNINITIALIZED_AUTOS = YES_AGGRESSIVE;
				GCC_WARN_UNUSED_FUNCTION = YES;
				GCC_WARN_UNUSED_VARIABLE = YES;
				IPHONEOS_DEPLOYMENT_TARGET = 8.3;
				MTL_ENABLE_DEBUG_INFO = YES;
				ONLY_ACTIVE_ARCH = YES;
				SDKROOT = iphoneos;
				SWIFT_OPTIMIZATION_LEVEL = "-Onone";
				TARGETED_DEVICE_FAMILY = "1,2";
			};
			name = Debug;
		};
		73E206C71B2EEFFE0008B002 /* Release */ = {
			isa = XCBuildConfiguration;
			buildSettings = {
				ALWAYS_SEARCH_USER_PATHS = NO;
				CLANG_CXX_LANGUAGE_STANDARD = "gnu++0x";
				CLANG_CXX_LIBRARY = "libc++";
				CLANG_ENABLE_MODULES = YES;
				CLANG_ENABLE_OBJC_ARC = YES;
				CLANG_WARN_BOOL_CONVERSION = YES;
				CLANG_WARN_CONSTANT_CONVERSION = YES;
				CLANG_WARN_DIRECT_OBJC_ISA_USAGE = YES_ERROR;
				CLANG_WARN_EMPTY_BODY = YES;
				CLANG_WARN_ENUM_CONVERSION = YES;
				CLANG_WARN_INT_CONVERSION = YES;
				CLANG_WARN_OBJC_ROOT_CLASS = YES_ERROR;
				CLANG_WARN_UNREACHABLE_CODE = YES;
				CLANG_WARN__DUPLICATE_METHOD_MATCH = YES;
				"CODE_SIGN_IDENTITY[sdk=iphoneos*]" = "iPhone Developer";
				COPY_PHASE_STRIP = NO;
				DEBUG_INFORMATION_FORMAT = "dwarf-with-dsym";
				ENABLE_NS_ASSERTIONS = NO;
				ENABLE_STRICT_OBJC_MSGSEND = YES;
				GCC_C_LANGUAGE_STANDARD = gnu99;
				GCC_NO_COMMON_BLOCKS = YES;
				GCC_WARN_64_TO_32_BIT_CONVERSION = YES;
				GCC_WARN_ABOUT_RETURN_TYPE = YES_ERROR;
				GCC_WARN_UNDECLARED_SELECTOR = YES;
				GCC_WARN_UNINITIALIZED_AUTOS = YES_AGGRESSIVE;
				GCC_WARN_UNUSED_FUNCTION = YES;
				GCC_WARN_UNUSED_VARIABLE = YES;
				IPHONEOS_DEPLOYMENT_TARGET = 8.3;
				MTL_ENABLE_DEBUG_INFO = NO;
				SDKROOT = iphoneos;
				TARGETED_DEVICE_FAMILY = "1,2";
				VALIDATE_PRODUCT = YES;
			};
			name = Release;
		};
		73E206C91B2EEFFE0008B002 /* Debug */ = {
			isa = XCBuildConfiguration;
			baseConfigurationReference = F11FF07D3FA9EC191F84026C /* Pods.debug.xcconfig */;
			buildSettings = {
				ASSETCATALOG_COMPILER_APPICON_NAME = AppIcon;
				CODE_SIGN_IDENTITY = "iPhone Developer";
				"CODE_SIGN_IDENTITY[sdk=iphoneos*]" = "iPhone Developer";
				ENABLE_BITCODE = NO;
				FRAMEWORK_SEARCH_PATHS = (
					"$(inherited)",
					"$(PROJECT_DIR)/Framework",
				);
				INFOPLIST_FILE = "e-Homegreen/Info.plist";
				IPHONEOS_DEPLOYMENT_TARGET = 8.0;
				LD_RUNPATH_SEARCH_PATHS = "$(inherited) @executable_path/Frameworks";
				PRODUCT_BUNDLE_IDENTIFIER = com.nswebdevelopment.Hoodbe;
				PRODUCT_NAME = "$(TARGET_NAME)";
				PROVISIONING_PROFILE = "";
				SDKROOT = iphoneos;
				SWIFT_OBJC_BRIDGING_HEADER = "e-Homegreen-Bridging-Header.h";
			};
			name = Debug;
		};
		73E206CA1B2EEFFE0008B002 /* Release */ = {
			isa = XCBuildConfiguration;
			baseConfigurationReference = 170E75200A22D49DA5CAC1EC /* Pods.release.xcconfig */;
			buildSettings = {
				ASSETCATALOG_COMPILER_APPICON_NAME = AppIcon;
				CODE_SIGN_IDENTITY = "iPhone Developer";
				"CODE_SIGN_IDENTITY[sdk=iphoneos*]" = "iPhone Developer";
				ENABLE_BITCODE = NO;
				FRAMEWORK_SEARCH_PATHS = (
					"$(inherited)",
					"$(PROJECT_DIR)/Framework",
				);
				INFOPLIST_FILE = "e-Homegreen/Info.plist";
				IPHONEOS_DEPLOYMENT_TARGET = 8.0;
				LD_RUNPATH_SEARCH_PATHS = "$(inherited) @executable_path/Frameworks";
				PRODUCT_BUNDLE_IDENTIFIER = com.nswebdevelopment.Hoodbe;
				PRODUCT_NAME = "$(TARGET_NAME)";
				PROVISIONING_PROFILE = "";
				SDKROOT = iphoneos;
				SWIFT_OBJC_BRIDGING_HEADER = "e-Homegreen-Bridging-Header.h";
			};
			name = Release;
		};
		73E206CC1B2EEFFE0008B002 /* Debug */ = {
			isa = XCBuildConfiguration;
			buildSettings = {
				BUNDLE_LOADER = "$(TEST_HOST)";
				FRAMEWORK_SEARCH_PATHS = (
					"$(SDKROOT)/Developer/Library/Frameworks",
					"$(inherited)",
				);
				GCC_PREPROCESSOR_DEFINITIONS = (
					"DEBUG=1",
					"$(inherited)",
				);
				INFOPLIST_FILE = "e-HomegreenTests/Info.plist";
				LD_RUNPATH_SEARCH_PATHS = "$(inherited) @executable_path/Frameworks @loader_path/Frameworks";
				PRODUCT_BUNDLE_IDENTIFIER = "com.e-homeautomation.$(PRODUCT_NAME:rfc1034identifier)";
				PRODUCT_NAME = "$(TARGET_NAME)";
				TEST_HOST = "$(BUILT_PRODUCTS_DIR)/e-Homegreen.app/e-Homegreen";
			};
			name = Debug;
		};
		73E206CD1B2EEFFE0008B002 /* Release */ = {
			isa = XCBuildConfiguration;
			buildSettings = {
				BUNDLE_LOADER = "$(TEST_HOST)";
				FRAMEWORK_SEARCH_PATHS = (
					"$(SDKROOT)/Developer/Library/Frameworks",
					"$(inherited)",
				);
				INFOPLIST_FILE = "e-HomegreenTests/Info.plist";
				LD_RUNPATH_SEARCH_PATHS = "$(inherited) @executable_path/Frameworks @loader_path/Frameworks";
				PRODUCT_BUNDLE_IDENTIFIER = "com.e-homeautomation.$(PRODUCT_NAME:rfc1034identifier)";
				PRODUCT_NAME = "$(TARGET_NAME)";
				TEST_HOST = "$(BUILT_PRODUCTS_DIR)/e-Homegreen.app/e-Homegreen";
			};
			name = Release;
		};
/* End XCBuildConfiguration section */

/* Begin XCConfigurationList section */
		73E206A11B2EEFFE0008B002 /* Build configuration list for PBXProject "e-Homegreen" */ = {
			isa = XCConfigurationList;
			buildConfigurations = (
				73E206C61B2EEFFE0008B002 /* Debug */,
				73E206C71B2EEFFE0008B002 /* Release */,
			);
			defaultConfigurationIsVisible = 0;
			defaultConfigurationName = Release;
		};
		73E206C81B2EEFFE0008B002 /* Build configuration list for PBXNativeTarget "e-Homegreen" */ = {
			isa = XCConfigurationList;
			buildConfigurations = (
				73E206C91B2EEFFE0008B002 /* Debug */,
				73E206CA1B2EEFFE0008B002 /* Release */,
			);
			defaultConfigurationIsVisible = 0;
			defaultConfigurationName = Release;
		};
		73E206CB1B2EEFFE0008B002 /* Build configuration list for PBXNativeTarget "e-HomegreenTests" */ = {
			isa = XCConfigurationList;
			buildConfigurations = (
				73E206CC1B2EEFFE0008B002 /* Debug */,
				73E206CD1B2EEFFE0008B002 /* Release */,
			);
			defaultConfigurationIsVisible = 0;
			defaultConfigurationName = Release;
		};
/* End XCConfigurationList section */

/* Begin XCVersionGroup section */
		73E28EDD1B6657A80016CD77 /* e_Homegreen.xcdatamodeld */ = {
			isa = XCVersionGroup;
			children = (
				73E28EDE1B6657A80016CD77 /* e_Homegreen.xcdatamodel */,
			);
			currentVersion = 73E28EDE1B6657A80016CD77 /* e_Homegreen.xcdatamodel */;
			path = e_Homegreen.xcdatamodeld;
			sourceTree = "<group>";
			versionGroupType = wrapper.xcdatamodel;
		};
/* End XCVersionGroup section */
	};
	rootObject = 73E2069E1B2EEFFE0008B002 /* Project object */;
}
